_AUTO_GENERATED: DO NOT EDIT. Generated by tools/lock_yaml_generator/generate_coverage_matrix.py
axis_count: 18
verification_class_count: 5
total_cells: 90
generated_at: '2026-05-17T09:19:41Z'
cells:
- cell_id: tier1__v1_type_invariant
  axis_name: tier1
  verification_class: v1_type_invariant
  drill_state: v1_pending_with_artifact
- cell_id: tier1__v1_property_axiom
  axis_name: tier1
  verification_class: v1_property_axiom
  drill_state: v1_pending_with_artifact
- cell_id: tier1__v1_contract_pair
  axis_name: tier1
  verification_class: v1_contract_pair
  drill_state: v1_pending_with_artifact
- cell_id: tier1__v1_scenario_replay
  axis_name: tier1
  verification_class: v1_scenario_replay
  drill_state: v1_pending_with_artifact
- cell_id: tier1__v1_fault_chaos
  axis_name: tier1
  verification_class: v1_fault_chaos
  drill_state: v1_pending_with_artifact
- cell_id: tier2__v1_type_invariant
  axis_name: tier2
  verification_class: v1_type_invariant
  drill_state: v1_pending_with_artifact
- cell_id: tier2__v1_property_axiom
  axis_name: tier2
  verification_class: v1_property_axiom
  drill_state: v1_pending_with_artifact
- cell_id: tier2__v1_contract_pair
  axis_name: tier2
  verification_class: v1_contract_pair
  drill_state: v1_pending_with_artifact
- cell_id: tier2__v1_scenario_replay
  axis_name: tier2
  verification_class: v1_scenario_replay
  drill_state: v1_pending_with_artifact
- cell_id: tier2__v1_fault_chaos
  axis_name: tier2
  verification_class: v1_fault_chaos
  drill_state: v1_pending_with_artifact
- cell_id: tier3__v1_type_invariant
  axis_name: tier3
  verification_class: v1_type_invariant
  drill_state: v1_pending_with_artifact
- cell_id: tier3__v1_property_axiom
  axis_name: tier3
  verification_class: v1_property_axiom
  drill_state: v1_pending_with_artifact
- cell_id: tier3__v1_contract_pair
  axis_name: tier3
  verification_class: v1_contract_pair
  drill_state: v1_pending_with_artifact
- cell_id: tier3__v1_scenario_replay
  axis_name: tier3
  verification_class: v1_scenario_replay
  drill_state: v1_pending_with_artifact
- cell_id: tier3__v1_fault_chaos
  axis_name: tier3
  verification_class: v1_fault_chaos
  drill_state: v1_pending_with_artifact
- cell_id: infra__v1_type_invariant
  axis_name: infra
  verification_class: v1_type_invariant
  drill_state: v1_pending_with_artifact
- cell_id: infra__v1_property_axiom
  axis_name: infra
  verification_class: v1_property_axiom
  drill_state: v1_pending_with_artifact
- cell_id: infra__v1_contract_pair
  axis_name: infra
  verification_class: v1_contract_pair
  drill_state: v1_pending_with_artifact
- cell_id: infra__v1_scenario_replay
  axis_name: infra
  verification_class: v1_scenario_replay
  drill_state: v1_pending_with_artifact
- cell_id: infra__v1_fault_chaos
  axis_name: infra
  verification_class: v1_fault_chaos
  drill_state: v1_pending_with_artifact
- cell_id: data__v1_type_invariant
  axis_name: data
  verification_class: v1_type_invariant
  drill_state: v1_pending_with_artifact
- cell_id: data__v1_property_axiom
  axis_name: data
  verification_class: v1_property_axiom
  drill_state: v1_pending_with_artifact
- cell_id: data__v1_contract_pair
  axis_name: data
  verification_class: v1_contract_pair
  drill_state: v1_pending_with_artifact
- cell_id: data__v1_scenario_replay
  axis_name: data
  verification_class: v1_scenario_replay
  drill_state: v1_pending_with_artifact
- cell_id: data__v1_fault_chaos
  axis_name: data
  verification_class: v1_fault_chaos
  drill_state: v1_pending_with_artifact
- cell_id: security__v1_type_invariant
  axis_name: security
  verification_class: v1_type_invariant
  drill_state: v1_pending_with_artifact
- cell_id: security__v1_property_axiom
  axis_name: security
  verification_class: v1_property_axiom
  drill_state: v1_pending_with_artifact
- cell_id: security__v1_contract_pair
  axis_name: security
  verification_class: v1_contract_pair
  drill_state: v1_pending_with_artifact
- cell_id: security__v1_scenario_replay
  axis_name: security
  verification_class: v1_scenario_replay
  drill_state: v1_pending_with_artifact
- cell_id: security__v1_fault_chaos
  axis_name: security
  verification_class: v1_fault_chaos
  drill_state: v1_pending_with_artifact
- cell_id: ops__v1_type_invariant
  axis_name: ops
  verification_class: v1_type_invariant
  drill_state: v1_pending_with_artifact
- cell_id: ops__v1_property_axiom
  axis_name: ops
  verification_class: v1_property_axiom
  drill_state: v1_pending_with_artifact
- cell_id: ops__v1_contract_pair
  axis_name: ops
  verification_class: v1_contract_pair
  drill_state: v1_pending_with_artifact
- cell_id: ops__v1_scenario_replay
  axis_name: ops
  verification_class: v1_scenario_replay
  drill_state: v1_pending_with_artifact
- cell_id: ops__v1_fault_chaos
  axis_name: ops
  verification_class: v1_fault_chaos
  drill_state: v1_pending_with_artifact
- cell_id: client__v1_type_invariant
  axis_name: client
  verification_class: v1_type_invariant
  drill_state: v1_pending_with_artifact
- cell_id: client__v1_property_axiom
  axis_name: client
  verification_class: v1_property_axiom
  drill_state: v1_pending_with_artifact
- cell_id: client__v1_contract_pair
  axis_name: client
  verification_class: v1_contract_pair
  drill_state: v1_pending_with_artifact
- cell_id: client__v1_scenario_replay
  axis_name: client
  verification_class: v1_scenario_replay
  drill_state: v1_pending_with_artifact
- cell_id: client__v1_fault_chaos
  axis_name: client
  verification_class: v1_fault_chaos
  drill_state: v1_pending_with_artifact
- cell_id: test__v1_type_invariant
  axis_name: test
  verification_class: v1_type_invariant
  drill_state: v1_pending_with_artifact
- cell_id: test__v1_property_axiom
  axis_name: test
  verification_class: v1_property_axiom
  drill_state: v1_pending_with_artifact
- cell_id: test__v1_contract_pair
  axis_name: test
  verification_class: v1_contract_pair
  drill_state: v1_pending_with_artifact
- cell_id: test__v1_scenario_replay
  axis_name: test
  verification_class: v1_scenario_replay
  drill_state: v1_pending_with_artifact
- cell_id: test__v1_fault_chaos
  axis_name: test
  verification_class: v1_fault_chaos
  drill_state: v1_pending_with_artifact
- cell_id: cross_http2__v1_type_invariant
  axis_name: cross_http2
  verification_class: v1_type_invariant
  drill_state: v1_pending_with_artifact
- cell_id: cross_http2__v1_property_axiom
  axis_name: cross_http2
  verification_class: v1_property_axiom
  drill_state: v1_pending_with_artifact
- cell_id: cross_http2__v1_contract_pair
  axis_name: cross_http2
  verification_class: v1_contract_pair
  drill_state: v1_pending_with_artifact
- cell_id: cross_http2__v1_scenario_replay
  axis_name: cross_http2
  verification_class: v1_scenario_replay
  drill_state: v1_pending_with_artifact
- cell_id: cross_http2__v1_fault_chaos
  axis_name: cross_http2
  verification_class: v1_fault_chaos
  drill_state: v1_pending_with_artifact
- cell_id: cross_kek__v1_type_invariant
  axis_name: cross_kek
  verification_class: v1_type_invariant
  drill_state: v1_pending_with_artifact
- cell_id: cross_kek__v1_property_axiom
  axis_name: cross_kek
  verification_class: v1_property_axiom
  drill_state: v1_pending_with_artifact
- cell_id: cross_kek__v1_contract_pair
  axis_name: cross_kek
  verification_class: v1_contract_pair
  drill_state: v1_pending_with_artifact
- cell_id: cross_kek__v1_scenario_replay
  axis_name: cross_kek
  verification_class: v1_scenario_replay
  drill_state: v1_pending_with_artifact
- cell_id: cross_kek__v1_fault_chaos
  axis_name: cross_kek
  verification_class: v1_fault_chaos
  drill_state: v1_pending_with_artifact
- cell_id: cross_schema__v1_type_invariant
  axis_name: cross_schema
  verification_class: v1_type_invariant
  drill_state: v1_pending_with_artifact
- cell_id: cross_schema__v1_property_axiom
  axis_name: cross_schema
  verification_class: v1_property_axiom
  drill_state: v1_pending_with_artifact
- cell_id: cross_schema__v1_contract_pair
  axis_name: cross_schema
  verification_class: v1_contract_pair
  drill_state: v1_pending_with_artifact
- cell_id: cross_schema__v1_scenario_replay
  axis_name: cross_schema
  verification_class: v1_scenario_replay
  drill_state: v1_pending_with_artifact
- cell_id: cross_schema__v1_fault_chaos
  axis_name: cross_schema
  verification_class: v1_fault_chaos
  drill_state: v1_pending_with_artifact
- cell_id: cross_fsm__v1_type_invariant
  axis_name: cross_fsm
  verification_class: v1_type_invariant
  drill_state: v1_pending_with_artifact
- cell_id: cross_fsm__v1_property_axiom
  axis_name: cross_fsm
  verification_class: v1_property_axiom
  drill_state: v1_pending_with_artifact
- cell_id: cross_fsm__v1_contract_pair
  axis_name: cross_fsm
  verification_class: v1_contract_pair
  drill_state: v1_pending_with_artifact
- cell_id: cross_fsm__v1_scenario_replay
  axis_name: cross_fsm
  verification_class: v1_scenario_replay
  drill_state: v1_pending_with_artifact
- cell_id: cross_fsm__v1_fault_chaos
  axis_name: cross_fsm
  verification_class: v1_fault_chaos
  drill_state: v1_pending_with_artifact
- cell_id: cross_slo__v1_type_invariant
  axis_name: cross_slo
  verification_class: v1_type_invariant
  drill_state: v1_pending_with_artifact
- cell_id: cross_slo__v1_property_axiom
  axis_name: cross_slo
  verification_class: v1_property_axiom
  drill_state: v1_pending_with_artifact
- cell_id: cross_slo__v1_contract_pair
  axis_name: cross_slo
  verification_class: v1_contract_pair
  drill_state: v1_pending_with_artifact
- cell_id: cross_slo__v1_scenario_replay
  axis_name: cross_slo
  verification_class: v1_scenario_replay
  drill_state: v1_pending_with_artifact
- cell_id: cross_slo__v1_fault_chaos
  axis_name: cross_slo
  verification_class: v1_fault_chaos
  drill_state: v1_pending_with_artifact
- cell_id: cross_bff__v1_type_invariant
  axis_name: cross_bff
  verification_class: v1_type_invariant
  drill_state: v1_pending_with_artifact
- cell_id: cross_bff__v1_property_axiom
  axis_name: cross_bff
  verification_class: v1_property_axiom
  drill_state: v1_pending_with_artifact
- cell_id: cross_bff__v1_contract_pair
  axis_name: cross_bff
  verification_class: v1_contract_pair
  drill_state: v1_pending_with_artifact
- cell_id: cross_bff__v1_scenario_replay
  axis_name: cross_bff
  verification_class: v1_scenario_replay
  drill_state: v1_pending_with_artifact
- cell_id: cross_bff__v1_fault_chaos
  axis_name: cross_bff
  verification_class: v1_fault_chaos
  drill_state: v1_pending_with_artifact
- cell_id: cross_pii__v1_type_invariant
  axis_name: cross_pii
  verification_class: v1_type_invariant
  drill_state: v1_pending_with_artifact
- cell_id: cross_pii__v1_property_axiom
  axis_name: cross_pii
  verification_class: v1_property_axiom
  drill_state: v1_pending_with_artifact
- cell_id: cross_pii__v1_contract_pair
  axis_name: cross_pii
  verification_class: v1_contract_pair
  drill_state: v1_pending_with_artifact
- cell_id: cross_pii__v1_scenario_replay
  axis_name: cross_pii
  verification_class: v1_scenario_replay
  drill_state: v1_pending_with_artifact
- cell_id: cross_pii__v1_fault_chaos
  axis_name: cross_pii
  verification_class: v1_fault_chaos
  drill_state: v1_pending_with_artifact
- cell_id: cross_edge__v1_type_invariant
  axis_name: cross_edge
  verification_class: v1_type_invariant
  drill_state: v1_pending_with_artifact
- cell_id: cross_edge__v1_property_axiom
  axis_name: cross_edge
  verification_class: v1_property_axiom
  drill_state: v1_pending_with_artifact
- cell_id: cross_edge__v1_contract_pair
  axis_name: cross_edge
  verification_class: v1_contract_pair
  drill_state: v1_pending_with_artifact
- cell_id: cross_edge__v1_scenario_replay
  axis_name: cross_edge
  verification_class: v1_scenario_replay
  drill_state: v1_pending_with_artifact
- cell_id: cross_edge__v1_fault_chaos
  axis_name: cross_edge
  verification_class: v1_fault_chaos
  drill_state: v1_pending_with_artifact
- cell_id: meta__v1_type_invariant
  axis_name: meta
  verification_class: v1_type_invariant
  drill_state: v1_pending_with_artifact
- cell_id: meta__v1_property_axiom
  axis_name: meta
  verification_class: v1_property_axiom
  drill_state: v1_pending_with_artifact
- cell_id: meta__v1_contract_pair
  axis_name: meta
  verification_class: v1_contract_pair
  drill_state: v1_pending_with_artifact
- cell_id: meta__v1_scenario_replay
  axis_name: meta
  verification_class: v1_scenario_replay
  drill_state: v1_pending_with_artifact
- cell_id: meta__v1_fault_chaos
  axis_name: meta
  verification_class: v1_fault_chaos
  drill_state: v1_pending_with_artifact
