# tier1_slo_temporal_safety_apalache_pin.lock.yaml
# Apalache モデルチェッカーのバージョンとランダムシード固定
# 07_SLO 適合仕様: burn-rate alert の freeze_on_burn 検証用
_AUTO_GENERATED: false
spec_id: tier1_slo_temporal_safety
apalache_version: 0.45.4
random_seed: 20260518
tla_file: tier1_slo_temporal_safety.tla
property: FreezeOnBurn
last_verified_at: '2026-05-18T00:00:00Z'
verification_status: stub
