_AUTO_GENERATED: DO NOT EDIT. Generated by tools/lock_yaml_generator/generate_cross_cutting_registry.py
specs_count: 13
clusters_count: 8
generated_at: '2026-05-17T08:51:56Z'
specs:
- spec_id: c01
  cluster_id: cross_http2
  primary_axis: cross_http2
  status: pending
- spec_id: c02
  cluster_id: cross_kek
  primary_axis: cross_kek
  status: pending
- spec_id: c03
  cluster_id: cross_schema
  primary_axis: cross_schema
  status: pending
- spec_id: c04
  cluster_id: cross_fsm
  primary_axis: cross_fsm
  status: pending
- spec_id: c05
  cluster_id: cross_slo
  primary_axis: cross_slo
  status: pending
- spec_id: c06
  cluster_id: cross_bff
  primary_axis: cross_bff
  status: pending
- spec_id: c07
  cluster_id: cross_bff
  primary_axis: cross_bff
  status: pending
- spec_id: c08
  cluster_id: cross_pii
  primary_axis: cross_pii
  status: pending
- spec_id: c09
  cluster_id: cross_pii
  primary_axis: cross_pii
  status: pending
- spec_id: c10
  cluster_id: cross_edge
  primary_axis: cross_edge
  status: pending
- spec_id: c11
  cluster_id: cross_edge
  primary_axis: cross_edge
  status: pending
- spec_id: c12
  cluster_id: cross_edge
  primary_axis: cross_edge
  status: pending
- spec_id: c13
  cluster_id: cross_edge
  primary_axis: cross_edge
  status: pending
clusters:
- cluster_id: cross_http2
  spec_ids:
  - c01
  spec_count: 1
- cluster_id: cross_kek
  spec_ids:
  - c02
  spec_count: 1
- cluster_id: cross_schema
  spec_ids:
  - c03
  spec_count: 1
- cluster_id: cross_fsm
  spec_ids:
  - c04
  spec_count: 1
- cluster_id: cross_slo
  spec_ids:
  - c05
  spec_count: 1
- cluster_id: cross_bff
  spec_ids:
  - c06
  - c07
  spec_count: 2
- cluster_id: cross_pii
  spec_ids:
  - c08
  - c09
  spec_count: 2
- cluster_id: cross_edge
  spec_ids:
  - c10
  - c11
  - c12
  - c13
  spec_count: 4
