_AUTO_GENERATED: DO NOT EDIT. Generated by tools/lock_yaml_generator/generate_evidence_coverage.py
schema_version: v1
generated_at: '2026-05-22T21:25:21Z'
summary:
  total_proof_ids: 86
  proof_ids_with_evidence: 86
  proof_to_evidence_ratio: 1.0
  covered_axes:
  - client
  - cross_bff
  - cross_edge
  - cross_fsm
  - cross_http2
  - cross_kek
  - cross_pii
  - cross_schema
  - cross_slo
  - data
  - formal
  - infra
  - meta
  - ops
  - security
  - test
  - tier1
  - tier2
  - tier3
  uncovered_proof_count: 0
uncovered_proofs: []
