_AUTO_GENERATED: DO NOT EDIT. Generated by tools/impl_substance_check/cli.py
schema_version: v1
generated_at: '2026-05-23T04:55:03Z'
summary:
  ops_loc: 640
  infra_loc: 641
  data_loc: 625
  security_loc: 620
  client_loc: 1773
  tier1_loc: 32104
  tier2_loc: 12580
  tier3_loc: 16264
  formal_loc: 2933
  test_loc: 981
  crosscutting_loc: 3225
  meta_loc: 414
readme_only_count: 0
readme_only_dirs: []
facade_below_floor_count: 0
facade_files:
- path: src/tier2/rust/src/lib.rs
  loc: 16
  floor: 10
  meets_floor: true
- path: src/tier3/rust/src/lib.rs
  loc: 39
  floor: 10
  meets_floor: true
axis_floor_violation_count: 7
axis_floor_violations:
- axis: ops
  loc: 640
  floor: 2000
  deficit: 1360
- axis: infra
  loc: 641
  floor: 3000
  deficit: 2359
- axis: data
  loc: 625
  floor: 3000
  deficit: 2375
- axis: security
  loc: 620
  floor: 3000
  deficit: 2380
- axis: client
  loc: 1773
  floor: 2500
  deficit: 727
- axis: test
  loc: 981
  floor: 8000
  deficit: 7019
- axis: crosscutting
  loc: 3225
  floor: 5000
  deficit: 1775
yaml_only_axis_count: 0
yaml_only_axes: []
axes:
- axis: ops
  loc: 640
  dir: src/ops
- axis: infra
  loc: 641
  dir: src/infra
- axis: data
  loc: 625
  dir: src/data
- axis: security
  loc: 620
  dir: src/security
- axis: client
  loc: 1773
  dir: src/client
- axis: tier1
  loc: 32104
  dir: src/tier1
- axis: tier2
  loc: 12580
  dir: src/tier2
- axis: tier3
  loc: 16264
  dir: src/tier3
- axis: formal
  loc: 2933
  dir: src/formal
- axis: test
  loc: 981
  dir: src/test
- axis: crosscutting
  loc: 3225
  dir: src/_crosscutting
- axis: meta
  loc: 414
  dir: src/_meta
