_AUTO_GENERATED: DO NOT EDIT. Generated by tools/lock_yaml_generator/generate_ownership_table.py
services_count: 19
generated_at: '2026-05-17T11:57:34Z'
services:
- service_id: tier1_server
  dev_owner: tier1-team
  ops_owner: ops-team
  security_owner: security-team
  data_owner: unassigned
- service_id: tier1_operator
  dev_owner: tier1-team
  ops_owner: ops-team
  security_owner: security-team
  data_owner: unassigned
- service_id: tier2_repository
  dev_owner: tier2-team
  ops_owner: ops-team
  security_owner: security-team
  data_owner: unassigned
- service_id: tier3_spa
  dev_owner: tier3-team
  ops_owner: ops-team
  security_owner: security-team
  data_owner: unassigned
- service_id: tier3_companion
  dev_owner: tier3-team
  ops_owner: ops-team
  security_owner: security-team
  data_owner: unassigned
- service_id: infra_helm
  dev_owner: infra-team
  ops_owner: ops-team
  security_owner: security-team
  data_owner: unassigned
- service_id: infra_ebpf
  dev_owner: infra-team
  ops_owner: ops-team
  security_owner: security-team
  data_owner: unassigned
- service_id: data_postgresql
  dev_owner: data-team
  ops_owner: ops-team
  security_owner: security-team
  data_owner: unassigned
- service_id: data_kafka
  dev_owner: data-team
  ops_owner: ops-team
  security_owner: security-team
  data_owner: unassigned
- service_id: data_apicurio
  dev_owner: data-team
  ops_owner: ops-team
  security_owner: security-team
  data_owner: unassigned
- service_id: data_pii_cluster
  dev_owner: data-team
  ops_owner: ops-team
  security_owner: security-team
  data_owner: unassigned
- service_id: security_kyverno
  dev_owner: security-team
  ops_owner: ops-team
  security_owner: security-team
  data_owner: unassigned
- service_id: security_openbao
  dev_owner: security-team
  ops_owner: ops-team
  security_owner: security-team
  data_owner: unassigned
- service_id: security_harbor
  dev_owner: security-team
  ops_owner: ops-team
  security_owner: security-team
  data_owner: unassigned
- service_id: ops_escalation_engine
  dev_owner: ops-team
  ops_owner: ops-team
  security_owner: security-team
  data_owner: unassigned
- service_id: client_sdk
  dev_owner: client-team
  ops_owner: ops-team
  security_owner: security-team
  data_owner: unassigned
- service_id: cross_apicurio_controller
  dev_owner: crosscutting-team
  ops_owner: ops-team
  security_owner: security-team
  data_owner: unassigned
- service_id: cross_audit_monitor
  dev_owner: crosscutting-team
  ops_owner: ops-team
  security_owner: security-team
  data_owner: unassigned
- service_id: meta_tooling
  dev_owner: meta-team
  ops_owner: ops-team
  security_owner: security-team
  data_owner: unassigned
