_AUTO_GENERATED: DO NOT EDIT. Generated by tools/lock_yaml_generator/generate_proof_trace.py
schema_version: v1
generated_at: '2026-05-22T13:43:35Z'
summary:
  total_impl_ids: 63
  impl_ids_with_proof: 63
  impl_to_proof_ratio: 1.0
  dangling_impl: []
proof_edges:
- proof_id: PROOF-tier1-prog-001
  impl_id: IMPL-tier1-0010
  file: src/formal/dafny/Tier1LintEnforcement.dfy
  line: '1'
- proof_id: PROOF-tier2-prog-001
  impl_id: IMPL-tier2-0001
  file: src/formal/dafny/Tier2TenantIsolation.dfy
  line: '1'
- proof_id: PROOF-data-prog-001
  impl_id: IMPL-data-0001
  file: src/formal/dafny/AtomicThreeTableWrite.dfy
  line: '1'
- proof_id: PROOF-tier2-prog-002
  impl_id: IMPL-tier2-0002
  file: src/formal/dafny/Tier2Enforcement.dfy
  line: '1'
- proof_id: PROOF-tier3-prog-001
  impl_id: IMPL-tier3-0001
  file: src/formal/dafny/Tier3ClientStateReducer.dfy
  line: '1'
- proof_id: PROOF-tier3-prog-002
  impl_id: IMPL-tier3-0002
  file: src/formal/dafny/Tier3ClientStateReducer.dfy
  line: '2'
- proof_id: PROOF-data-refn-001
  impl_id: IMPL-data-0001
  file: src/formal/stainless/src/main/scala/k1s0/data/AtomicThreeTableWrite.scala
  line: '1'
- proof_id: PROOF-tier1-refn-002
  impl_id: IMPL-tier1-0005
  file: src/formal/stainless/src/main/scala/k1s0/tier1/Tier1KeyMgmtInvariant.scala
  line: '1'
- proof_id: PROOF-tier1-refn-004
  impl_id: IMPL-tier1-0009
  file: src/formal/stainless/src/main/scala/k1s0/tier1/Tier1TenantCapacityInvariant.scala
  line: '1'
- proof_id: PROOF-tier1-refn-001
  impl_id: IMPL-tier1-0004
  file: src/formal/stainless/src/main/scala/k1s0/tier1/Tier1AuthInvariant.scala
  line: '1'
- proof_id: PROOF-tier1-refn-003
  impl_id: IMPL-tier1-0007
  file: src/formal/stainless/src/main/scala/k1s0/tier1/Tier1SLOInvariant.scala
  line: '1'
- proof_id: PROOF-tier1-tsafe-001
  impl_id: IMPL-tier1-0004
  file: src/formal/tla/tier1_auth_temporal_safety.tla
  line: '1'
- proof_id: PROOF-tier1-tsafe-002
  impl_id: IMPL-tier1-0001
  file: src/formal/tla/tier1_bidi_handshake.tla
  line: '1'
- proof_id: PROOF-tier1-tsafe-008
  impl_id: IMPL-tier1-0002
  file: src/formal/tla/tier1_migration_pair_rollback.tla
  line: '1'
- proof_id: PROOF-tier1-tsafe-007
  impl_id: IMPL-tier1-0003
  file: src/formal/tla/tier1_observability_signal_order.tla
  line: '1'
- proof_id: PROOF-tier1-tsafe-009
  impl_id: IMPL-tier1-0006
  file: src/formal/tla/tier1_schema_evolution_compatibility.tla
  line: '1'
- proof_id: PROOF-tier1-tsafe-005
  impl_id: IMPL-tier1-0007
  file: src/formal/tla/tier1_slo_temporal_safety.tla
  line: '1'
- proof_id: PROOF-tier1-tsafe-004
  impl_id: IMPL-tier1-0008
  file: src/formal/tla/tier1_oss_lifecycle_temporal_safety.tla
  line: '1'
- proof_id: PROOF-tier1-tsafe-003
  impl_id: IMPL-tier1-0005
  file: src/formal/tla/tier1_key_mgmt_temporal_safety.tla
  line: '1'
- proof_id: PROOF-tier1-tsafe-006
  impl_id: IMPL-tier1-0009
  file: src/formal/tla/tier1_tenant_capacity_temporal_safety.tla
  line: '1'
- proof_id: PROOF-cross_pii-prog-002
  impl_id: IMPL-cross_pii-0002
  file: tools/lock_yaml_generator/generate_scenario_catalog.py
  line: '1'
- proof_id: PROOF-cross_fsm-prog-001
  impl_id: IMPL-cross_fsm-0001
  file: tools/lock_yaml_generator/generate_fsm.py
  line: '1'
- proof_id: PROOF-infra-prog-004
  impl_id: IMPL-infra-0004
  file: tools/lock_yaml_generator/generate_clock_drill.py
  line: '1'
- proof_id: PROOF-infra-prog-003
  impl_id: IMPL-infra-0003
  file: tools/lock_yaml_generator/generate_failover_drill.py
  line: '1'
- proof_id: PROOF-cross_slo-prog-001
  impl_id: IMPL-cross_slo-0001
  file: tools/lock_yaml_generator/generate_slo_rules.py
  line: '1'
- proof_id: PROOF-cross_kek-prog-001
  impl_id: IMPL-cross_kek-0001
  file: tools/lock_yaml_generator/generate_slo_rules.py
  line: '2'
- proof_id: PROOF-ops-prog-003
  impl_id: IMPL-ops-0003
  file: tools/lock_yaml_generator/generate_runbook_catalog.py
  line: '1'
- proof_id: PROOF-meta-prog-001
  impl_id: IMPL-meta-0001
  file: tools/lock_yaml_generator/generate_axis_registry.py
  line: '1'
- proof_id: PROOF-formal-prog-002
  impl_id: IMPL-formal-0002
  file: tools/lock_yaml_generator/generate_proof_status.py
  line: '1'
- proof_id: PROOF-cross_edge-prog-002
  impl_id: IMPL-cross_edge-0002
  file: tools/lock_yaml_generator/generate_otel_semconv.py
  line: '1'
- proof_id: PROOF-meta-prog-006
  impl_id: IMPL-meta-0006
  file: tools/lock_yaml_generator/base_generator.py
  line: '1'
- proof_id: PROOF-cross_http2-prog-001
  impl_id: IMPL-cross_http2-0001
  file: tools/lock_yaml_generator/generate_enforcement_points.py
  line: '1'
- proof_id: PROOF-infra-prog-001
  impl_id: IMPL-infra-0001
  file: tools/lock_yaml_generator/generate_topology_class.py
  line: '1'
- proof_id: PROOF-formal-prog-005
  impl_id: IMPL-formal-0005
  file: tools/lock_yaml_generator/generate_counter_example.py
  line: '1'
- proof_id: PROOF-client-prog-003
  impl_id: IMPL-client-0003
  file: tools/lock_yaml_generator/generate_sdk_conformance.py
  line: '1'
- proof_id: PROOF-test-prog-002
  impl_id: IMPL-test-0002
  file: tools/lock_yaml_generator/generate_chaos_blueprints.py
  line: '1'
- proof_id: PROOF-meta-prog-008
  impl_id: IMPL-meta-0008
  file: tools/lock_yaml_generator/generate_trace_ledger.py
  line: '1'
- proof_id: PROOF-security-prog-001
  impl_id: IMPL-security-0001
  file: tools/lock_yaml_generator/generate_threat_model.py
  line: '1'
- proof_id: PROOF-data-prog-003
  impl_id: IMPL-data-0002
  file: tools/lock_yaml_generator/generate_restore_drill.py
  line: '1'
- proof_id: PROOF-cross_edge-prog-003
  impl_id: IMPL-cross_edge-0003
  file: tools/lock_yaml_generator/generate_api_neutrality.py
  line: '1'
- proof_id: PROOF-security-prog-003
  impl_id: IMPL-security-0003
  file: tools/lock_yaml_generator/generate_mitigation_bindings.py
  line: '1'
- proof_id: PROOF-formal-prog-004
  impl_id: IMPL-formal-0004
  file: tools/lock_yaml_generator/generate_proof_inventory.py
  line: '1'
- proof_id: PROOF-formal-prog-001
  impl_id: IMPL-formal-0001
  file: tools/lock_yaml_generator/generate_proof_matrix.py
  line: '1'
- proof_id: PROOF-security-prog-004
  impl_id: IMPL-security-0004
  file: tools/lock_yaml_generator/generate_drill_progress.py
  line: '1'
- proof_id: PROOF-client-prog-001
  impl_id: IMPL-client-0001
  file: tools/lock_yaml_generator/generate_sdk_inventory.py
  line: '1'
- proof_id: PROOF-data-prog-004
  impl_id: IMPL-data-0003
  file: tools/lock_yaml_generator/generate_sbom_catalog.py
  line: '1'
- proof_id: PROOF-client-prog-002
  impl_id: IMPL-client-0002
  file: tools/lock_yaml_generator/generate_capability_matrix.py
  line: '1'
- proof_id: PROOF-cross_edge-prog-004
  impl_id: IMPL-cross_edge-0004
  file: tools/lock_yaml_generator/generate_weaver.py
  line: '1'
- proof_id: PROOF-ops-prog-001
  impl_id: IMPL-ops-0001
  file: tools/lock_yaml_generator/generate_ops_loop.py
  line: '1'
- proof_id: PROOF-formal-prog-006
  impl_id: IMPL-formal-0006
  file: tools/lock_yaml_generator/generate_formal_ownership_table.py
  line: '1'
- proof_id: PROOF-meta-prog-005
  impl_id: IMPL-meta-0005
  file: tools/lock_yaml_generator/generate_docs_lint.py
  line: '1'
- proof_id: PROOF-meta-prog-002
  impl_id: IMPL-meta-0002
  file: tools/lock_yaml_generator/generate_cross_cutting_registry.py
  line: '1'
- proof_id: PROOF-meta-prog-004
  impl_id: IMPL-meta-0004
  file: tools/lock_yaml_generator/generate_release_gate_v2.py
  line: '1'
- proof_id: PROOF-test-prog-004
  impl_id: IMPL-test-0004
  file: tools/lock_yaml_generator/generate_mutation_score.py
  line: '1'
- proof_id: PROOF-test-prog-003
  impl_id: IMPL-test-0003
  file: tools/lock_yaml_generator/generate_flaky_quarantine.py
  line: '1'
- proof_id: PROOF-cross_bff-prog-001
  impl_id: IMPL-cross_bff-0001
  file: tools/lock_yaml_generator/generate_capabilities.py
  line: '1'
- proof_id: PROOF-security-prog-002
  impl_id: IMPL-security-0002
  file: tools/lock_yaml_generator/generate_provenance_attestation.py
  line: '1'
- proof_id: PROOF-meta-prog-007
  impl_id: IMPL-meta-0007
  file: tools/lock_yaml_generator/generate_artifact_inventory.py
  line: '1'
- proof_id: PROOF-formal-prog-003
  impl_id: IMPL-formal-0003
  file: tools/lock_yaml_generator/generate_proof_review.py
  line: '1'
- proof_id: PROOF-cross_pii-prog-001
  impl_id: IMPL-cross_pii-0001
  file: tools/lock_yaml_generator/generate_pii_classification.py
  line: '1'
- proof_id: PROOF-test-prog-001
  impl_id: IMPL-test-0001
  file: tools/lock_yaml_generator/generate_coverage_matrix.py
  line: '1'
- proof_id: PROOF-cross_bff-prog-002
  impl_id: IMPL-cross_bff-0002
  file: tools/lock_yaml_generator/generate_backends.py
  line: '1'
- proof_id: PROOF-formal-prog-007
  impl_id: IMPL-formal-0007
  file: tools/lock_yaml_generator/generate_assumption.py
  line: '1'
- proof_id: PROOF-cross_edge-prog-001
  impl_id: IMPL-cross_edge-0001
  file: tools/lock_yaml_generator/generate_instruments.py
  line: '1'
- proof_id: PROOF-cross_schema-prog-001
  impl_id: IMPL-cross_schema-0001
  file: tools/lock_yaml_generator/generate_migration.py
  line: '1'
- proof_id: PROOF-infra-prog-002
  impl_id: IMPL-infra-0002
  file: tools/lock_yaml_generator/generate_clock_integrity.py
  line: '1'
- proof_id: PROOF-meta-prog-003
  impl_id: IMPL-meta-0003
  file: tools/lock_yaml_generator/generate_ownership_table.py
  line: '1'
- proof_id: PROOF-ops-prog-002
  impl_id: IMPL-ops-0002
  file: tools/lock_yaml_generator/generate_alert_catalog.py
  line: '1'
