_AUTO_GENERATED: DO NOT EDIT. Generated by tools/lock_yaml_generator/generate_proof_status.py
total_cells: 95
verified_count: 0
unverified_count: 95
generated_at: '2026-05-17T09:19:41Z'
cells:
- obligation_id: tier1_tsp
  axis_name: tier1
  proof_class: v1_temporal_safety_proof
  cell_state: v1_unverified_handled
- obligation_id: tier1_pcp
  axis_name: tier1
  proof_class: v1_program_correctness_proof
  cell_state: v1_unverified_handled
- obligation_id: tier1_rfp
  axis_name: tier1
  proof_class: v1_refinement_proof
  cell_state: v1_unverified_handled
- obligation_id: tier1_rmc
  axis_name: tier1
  proof_class: v1_runtime_model_check
  cell_state: v1_unverified_handled
- obligation_id: tier1_pax
  axis_name: tier1
  proof_class: v1_property_axiom
  cell_state: v1_unverified_handled
- obligation_id: tier2_tsp
  axis_name: tier2
  proof_class: v1_temporal_safety_proof
  cell_state: v1_unverified_handled
- obligation_id: tier2_pcp
  axis_name: tier2
  proof_class: v1_program_correctness_proof
  cell_state: v1_unverified_handled
- obligation_id: tier2_rfp
  axis_name: tier2
  proof_class: v1_refinement_proof
  cell_state: v1_unverified_handled
- obligation_id: tier2_rmc
  axis_name: tier2
  proof_class: v1_runtime_model_check
  cell_state: v1_unverified_handled
- obligation_id: tier2_pax
  axis_name: tier2
  proof_class: v1_property_axiom
  cell_state: v1_unverified_handled
- obligation_id: tier3_tsp
  axis_name: tier3
  proof_class: v1_temporal_safety_proof
  cell_state: v1_unverified_handled
- obligation_id: tier3_pcp
  axis_name: tier3
  proof_class: v1_program_correctness_proof
  cell_state: v1_unverified_handled
- obligation_id: tier3_rfp
  axis_name: tier3
  proof_class: v1_refinement_proof
  cell_state: v1_unverified_handled
- obligation_id: tier3_rmc
  axis_name: tier3
  proof_class: v1_runtime_model_check
  cell_state: v1_unverified_handled
- obligation_id: tier3_pax
  axis_name: tier3
  proof_class: v1_property_axiom
  cell_state: v1_unverified_handled
- obligation_id: infra_tsp
  axis_name: infra
  proof_class: v1_temporal_safety_proof
  cell_state: v1_unverified_handled
- obligation_id: infra_pcp
  axis_name: infra
  proof_class: v1_program_correctness_proof
  cell_state: v1_unverified_handled
- obligation_id: infra_rfp
  axis_name: infra
  proof_class: v1_refinement_proof
  cell_state: v1_unverified_handled
- obligation_id: infra_rmc
  axis_name: infra
  proof_class: v1_runtime_model_check
  cell_state: v1_unverified_handled
- obligation_id: infra_pax
  axis_name: infra
  proof_class: v1_property_axiom
  cell_state: v1_unverified_handled
- obligation_id: data_tsp
  axis_name: data
  proof_class: v1_temporal_safety_proof
  cell_state: v1_unverified_handled
- obligation_id: data_pcp
  axis_name: data
  proof_class: v1_program_correctness_proof
  cell_state: v1_unverified_handled
- obligation_id: data_rfp
  axis_name: data
  proof_class: v1_refinement_proof
  cell_state: v1_unverified_handled
- obligation_id: data_rmc
  axis_name: data
  proof_class: v1_runtime_model_check
  cell_state: v1_unverified_handled
- obligation_id: data_pax
  axis_name: data
  proof_class: v1_property_axiom
  cell_state: v1_unverified_handled
- obligation_id: security_tsp
  axis_name: security
  proof_class: v1_temporal_safety_proof
  cell_state: v1_unverified_handled
- obligation_id: security_pcp
  axis_name: security
  proof_class: v1_program_correctness_proof
  cell_state: v1_unverified_handled
- obligation_id: security_rfp
  axis_name: security
  proof_class: v1_refinement_proof
  cell_state: v1_unverified_handled
- obligation_id: security_rmc
  axis_name: security
  proof_class: v1_runtime_model_check
  cell_state: v1_unverified_handled
- obligation_id: security_pax
  axis_name: security
  proof_class: v1_property_axiom
  cell_state: v1_unverified_handled
- obligation_id: ops_tsp
  axis_name: ops
  proof_class: v1_temporal_safety_proof
  cell_state: v1_unverified_handled
- obligation_id: ops_pcp
  axis_name: ops
  proof_class: v1_program_correctness_proof
  cell_state: v1_unverified_handled
- obligation_id: ops_rfp
  axis_name: ops
  proof_class: v1_refinement_proof
  cell_state: v1_unverified_handled
- obligation_id: ops_rmc
  axis_name: ops
  proof_class: v1_runtime_model_check
  cell_state: v1_unverified_handled
- obligation_id: ops_pax
  axis_name: ops
  proof_class: v1_property_axiom
  cell_state: v1_unverified_handled
- obligation_id: client_tsp
  axis_name: client
  proof_class: v1_temporal_safety_proof
  cell_state: v1_unverified_handled
- obligation_id: client_pcp
  axis_name: client
  proof_class: v1_program_correctness_proof
  cell_state: v1_unverified_handled
- obligation_id: client_rfp
  axis_name: client
  proof_class: v1_refinement_proof
  cell_state: v1_unverified_handled
- obligation_id: client_rmc
  axis_name: client
  proof_class: v1_runtime_model_check
  cell_state: v1_unverified_handled
- obligation_id: client_pax
  axis_name: client
  proof_class: v1_property_axiom
  cell_state: v1_unverified_handled
- obligation_id: test_tsp
  axis_name: test
  proof_class: v1_temporal_safety_proof
  cell_state: v1_unverified_handled
- obligation_id: test_pcp
  axis_name: test
  proof_class: v1_program_correctness_proof
  cell_state: v1_unverified_handled
- obligation_id: test_rfp
  axis_name: test
  proof_class: v1_refinement_proof
  cell_state: v1_unverified_handled
- obligation_id: test_rmc
  axis_name: test
  proof_class: v1_runtime_model_check
  cell_state: v1_unverified_handled
- obligation_id: test_pax
  axis_name: test
  proof_class: v1_property_axiom
  cell_state: v1_unverified_handled
- obligation_id: formal_tsp
  axis_name: formal
  proof_class: v1_temporal_safety_proof
  cell_state: v1_unverified_handled
- obligation_id: formal_pcp
  axis_name: formal
  proof_class: v1_program_correctness_proof
  cell_state: v1_unverified_handled
- obligation_id: formal_rfp
  axis_name: formal
  proof_class: v1_refinement_proof
  cell_state: v1_unverified_handled
- obligation_id: formal_rmc
  axis_name: formal
  proof_class: v1_runtime_model_check
  cell_state: v1_unverified_handled
- obligation_id: formal_pax
  axis_name: formal
  proof_class: v1_property_axiom
  cell_state: v1_unverified_handled
- obligation_id: cross_http2_tsp
  axis_name: cross_http2
  proof_class: v1_temporal_safety_proof
  cell_state: v1_unverified_handled
- obligation_id: cross_http2_pcp
  axis_name: cross_http2
  proof_class: v1_program_correctness_proof
  cell_state: v1_unverified_handled
- obligation_id: cross_http2_rfp
  axis_name: cross_http2
  proof_class: v1_refinement_proof
  cell_state: v1_unverified_handled
- obligation_id: cross_http2_rmc
  axis_name: cross_http2
  proof_class: v1_runtime_model_check
  cell_state: v1_unverified_handled
- obligation_id: cross_http2_pax
  axis_name: cross_http2
  proof_class: v1_property_axiom
  cell_state: v1_unverified_handled
- obligation_id: cross_kek_tsp
  axis_name: cross_kek
  proof_class: v1_temporal_safety_proof
  cell_state: v1_unverified_handled
- obligation_id: cross_kek_pcp
  axis_name: cross_kek
  proof_class: v1_program_correctness_proof
  cell_state: v1_unverified_handled
- obligation_id: cross_kek_rfp
  axis_name: cross_kek
  proof_class: v1_refinement_proof
  cell_state: v1_unverified_handled
- obligation_id: cross_kek_rmc
  axis_name: cross_kek
  proof_class: v1_runtime_model_check
  cell_state: v1_unverified_handled
- obligation_id: cross_kek_pax
  axis_name: cross_kek
  proof_class: v1_property_axiom
  cell_state: v1_unverified_handled
- obligation_id: cross_schema_tsp
  axis_name: cross_schema
  proof_class: v1_temporal_safety_proof
  cell_state: v1_unverified_handled
- obligation_id: cross_schema_pcp
  axis_name: cross_schema
  proof_class: v1_program_correctness_proof
  cell_state: v1_unverified_handled
- obligation_id: cross_schema_rfp
  axis_name: cross_schema
  proof_class: v1_refinement_proof
  cell_state: v1_unverified_handled
- obligation_id: cross_schema_rmc
  axis_name: cross_schema
  proof_class: v1_runtime_model_check
  cell_state: v1_unverified_handled
- obligation_id: cross_schema_pax
  axis_name: cross_schema
  proof_class: v1_property_axiom
  cell_state: v1_unverified_handled
- obligation_id: cross_fsm_tsp
  axis_name: cross_fsm
  proof_class: v1_temporal_safety_proof
  cell_state: v1_unverified_handled
- obligation_id: cross_fsm_pcp
  axis_name: cross_fsm
  proof_class: v1_program_correctness_proof
  cell_state: v1_unverified_handled
- obligation_id: cross_fsm_rfp
  axis_name: cross_fsm
  proof_class: v1_refinement_proof
  cell_state: v1_unverified_handled
- obligation_id: cross_fsm_rmc
  axis_name: cross_fsm
  proof_class: v1_runtime_model_check
  cell_state: v1_unverified_handled
- obligation_id: cross_fsm_pax
  axis_name: cross_fsm
  proof_class: v1_property_axiom
  cell_state: v1_unverified_handled
- obligation_id: cross_slo_tsp
  axis_name: cross_slo
  proof_class: v1_temporal_safety_proof
  cell_state: v1_unverified_handled
- obligation_id: cross_slo_pcp
  axis_name: cross_slo
  proof_class: v1_program_correctness_proof
  cell_state: v1_unverified_handled
- obligation_id: cross_slo_rfp
  axis_name: cross_slo
  proof_class: v1_refinement_proof
  cell_state: v1_unverified_handled
- obligation_id: cross_slo_rmc
  axis_name: cross_slo
  proof_class: v1_runtime_model_check
  cell_state: v1_unverified_handled
- obligation_id: cross_slo_pax
  axis_name: cross_slo
  proof_class: v1_property_axiom
  cell_state: v1_unverified_handled
- obligation_id: cross_bff_tsp
  axis_name: cross_bff
  proof_class: v1_temporal_safety_proof
  cell_state: v1_unverified_handled
- obligation_id: cross_bff_pcp
  axis_name: cross_bff
  proof_class: v1_program_correctness_proof
  cell_state: v1_unverified_handled
- obligation_id: cross_bff_rfp
  axis_name: cross_bff
  proof_class: v1_refinement_proof
  cell_state: v1_unverified_handled
- obligation_id: cross_bff_rmc
  axis_name: cross_bff
  proof_class: v1_runtime_model_check
  cell_state: v1_unverified_handled
- obligation_id: cross_bff_pax
  axis_name: cross_bff
  proof_class: v1_property_axiom
  cell_state: v1_unverified_handled
- obligation_id: cross_pii_tsp
  axis_name: cross_pii
  proof_class: v1_temporal_safety_proof
  cell_state: v1_unverified_handled
- obligation_id: cross_pii_pcp
  axis_name: cross_pii
  proof_class: v1_program_correctness_proof
  cell_state: v1_unverified_handled
- obligation_id: cross_pii_rfp
  axis_name: cross_pii
  proof_class: v1_refinement_proof
  cell_state: v1_unverified_handled
- obligation_id: cross_pii_rmc
  axis_name: cross_pii
  proof_class: v1_runtime_model_check
  cell_state: v1_unverified_handled
- obligation_id: cross_pii_pax
  axis_name: cross_pii
  proof_class: v1_property_axiom
  cell_state: v1_unverified_handled
- obligation_id: cross_edge_tsp
  axis_name: cross_edge
  proof_class: v1_temporal_safety_proof
  cell_state: v1_unverified_handled
- obligation_id: cross_edge_pcp
  axis_name: cross_edge
  proof_class: v1_program_correctness_proof
  cell_state: v1_unverified_handled
- obligation_id: cross_edge_rfp
  axis_name: cross_edge
  proof_class: v1_refinement_proof
  cell_state: v1_unverified_handled
- obligation_id: cross_edge_rmc
  axis_name: cross_edge
  proof_class: v1_runtime_model_check
  cell_state: v1_unverified_handled
- obligation_id: cross_edge_pax
  axis_name: cross_edge
  proof_class: v1_property_axiom
  cell_state: v1_unverified_handled
- obligation_id: meta_tsp
  axis_name: meta
  proof_class: v1_temporal_safety_proof
  cell_state: v1_unverified_handled
- obligation_id: meta_pcp
  axis_name: meta
  proof_class: v1_program_correctness_proof
  cell_state: v1_unverified_handled
- obligation_id: meta_rfp
  axis_name: meta
  proof_class: v1_refinement_proof
  cell_state: v1_unverified_handled
- obligation_id: meta_rmc
  axis_name: meta
  proof_class: v1_runtime_model_check
  cell_state: v1_unverified_handled
- obligation_id: meta_pax
  axis_name: meta
  proof_class: v1_property_axiom
  cell_state: v1_unverified_handled
