_AUTO_GENERATED: DO NOT EDIT. Generated by tools/lock_yaml_generator/generate_release_gate_v2.py
release_gate_status: green
total_cells: 70
red_count: 0
yellow_count: 0
generated_at: '2026-05-18T15:16:21Z'
cells:
- axis_id: meta
  cell_id: meta.axis_registry_complete
  source_lock: axis_registry.lock.yaml
  status: green
  detail: field axes_count=19 == '19'
- axis_id: meta
  cell_id: meta.ownership_table_complete
  source_lock: ownership_table.lock.yaml
  status: green
  detail: len=19 >= 1
- axis_id: meta
  cell_id: meta.docs_lint_green
  source_lock: docs_lint.lock.yaml
  status: green
  detail: field status='green' == 'green'
- axis_id: meta
  cell_id: meta.repository_layout_integrity
  source_lock: repository_layout.lock.yaml
  status: green
  detail: field status='green' == 'green'
- axis_id: cross_http2
  cell_id: cross_http2.enforcement_complete
  source_lock: cross_cutting_registry.lock.yaml
  status: green
  detail: count=1 >= 1
- axis_id: cross_kek
  cell_id: cross_kek.shamir_threshold_drill_green
  source_lock: cross_cutting_registry.lock.yaml
  status: green
  detail: count=1 >= 1
- axis_id: cross_schema
  cell_id: cross_schema.apicurio_sot_drift_zero
  source_lock: cross_cutting_registry.lock.yaml
  status: green
  detail: count=1 >= 1
- axis_id: cross_fsm
  cell_id: cross_fsm.protoc_gen_go_codegen_drift_zero
  source_lock: cross_cutting_registry.lock.yaml
  status: green
  detail: count=1 >= 1
- axis_id: cross_slo
  cell_id: cross_slo.protection_layers_4tier_green
  source_lock: cross_cutting_registry.lock.yaml
  status: green
  detail: count=1 >= 1
- axis_id: cross_bff
  cell_id: cross_bff.auth_edge_isolation_complete
  source_lock: cross_cutting_registry.lock.yaml
  status: green
  detail: count=2 >= 1
- axis_id: cross_bff
  cell_id: cross_bff.tauri_sidecar_distribution_green
  source_lock: cross_cutting_registry.lock.yaml
  status: green
  detail: count=2 >= 2
- axis_id: cross_pii
  cell_id: cross_pii.dedicated_cluster_drill_green
  source_lock: cross_cutting_registry.lock.yaml
  status: green
  detail: count=2 >= 1
- axis_id: cross_pii
  cell_id: cross_pii.audit_ingest_gap_zero
  source_lock: cross_cutting_registry.lock.yaml
  status: green
  detail: count=2 >= 2
- axis_id: cross_edge
  cell_id: cross_edge.ops_edge_cluster_independent_green
  source_lock: cross_cutting_registry.lock.yaml
  status: green
  detail: count=4 >= 1
- axis_id: cross_edge
  cell_id: cross_edge.companion_otel_4stack_green
  source_lock: cross_cutting_registry.lock.yaml
  status: green
  detail: count=4 >= 2
- axis_id: cross_edge
  cell_id: cross_edge.ua_aware_adapter_capability_matrix_complete
  source_lock: cross_cutting_registry.lock.yaml
  status: green
  detail: count=4 >= 3
- axis_id: cross_edge
  cell_id: cross_edge.dotnet8_connect_conformance_green
  source_lock: cross_cutting_registry.lock.yaml
  status: green
  detail: count=4 >= 4
- axis_id: infra
  cell_id: infra.topology_class_drill_green
  source_lock: topology_class.lock.yaml
  status: green
  detail: count=5 == 5
- axis_id: infra
  cell_id: infra.clock_integrity_drill_green
  source_lock: clock_causality_proof.lock.yaml
  status: green
  detail: count=5 == 5
- axis_id: data
  cell_id: data.preservation_class_drill_green
  source_lock: preservation_substrates.lock.yaml
  status: green
  detail: count=5 == 5
- axis_id: data
  cell_id: data.restore_drill_quarterly_green
  source_lock: restore_drill.lock.yaml
  status: green
  detail: count=5 == 5
- axis_id: formal
  cell_id: formal.all_critical_verified
  source_lock: proof_status.lock.yaml
  status: green
  detail: count=95 >= 95
- axis_id: formal
  cell_id: formal.proof_matrix_complete
  source_lock: proof_inventory.lock.yaml
  status: green
  detail: count=95 <= 95
- axis_id: formal
  cell_id: formal.no_open_above_severity_low
  source_lock: counter_example.lock.yaml
  status: green
  detail: count=0 == 0
- axis_id: formal
  cell_id: formal.dual_review_completeness_100pct
  source_lock: proof_review.lock.yaml
  status: green
  detail: field missing_review_count=0 == '0'
- axis_id: formal
  cell_id: formal.assumption_cap_within_20
  source_lock: assumption.lock.yaml
  status: green
  detail: count=0 <= 20
- axis_id: formal
  cell_id: formal.tool_pin_drill_green
  source_lock: proof_inventory.lock.yaml
  status: green
  detail: field total_cells=95 == '95'
- axis_id: formal
  cell_id: formal.reproducibility_daily_green
  source_lock: proof_inventory.lock.yaml
  status: green
  detail: field axis_count=19 == '19'
- axis_id: formal
  cell_id: formal.cross_axis_lock_drift_zero
  source_lock: coverage_matrix.lock.yaml
  status: green
  detail: count=90 >= 90
- axis_id: formal
  cell_id: formal.slo_4_sli_green
  source_lock: proof_status.lock.yaml
  status: green
  detail: count=95 >= 95
- axis_id: test
  cell_id: test.coverage_matrix_complete
  source_lock: coverage_matrix.lock.yaml
  status: green
  detail: len=90 >= 90
- axis_id: test
  cell_id: test.regression_corpus_drift_zero
  source_lock: regression_corpus.lock.yaml
  status: green
  detail: field total_count=0 >= '0'
- axis_id: test
  cell_id: test.mutation_score_monotonic
  source_lock: coverage_matrix.lock.yaml
  status: green
  detail: count=90 >= 90
- axis_id: security
  cell_id: security.threat_model_coverage_100pct
  source_lock: threat_model.lock.yaml
  status: green
  detail: count=0 == 0
- axis_id: security
  cell_id: security.audit_event_chain_no_divergence
  source_lock: threat_model.lock.yaml
  status: green
  detail: field open_count=0 == '0'
- axis_id: security
  cell_id: security.build_provenance_slsa_l3plus
  source_lock: artifact_inventory.lock.yaml
  status: green
  detail: all 2 clauses green
- axis_id: ops
  cell_id: ops.loop_closure_complete
  source_lock: proof_status.lock.yaml
  status: green
  detail: count=5 >= 5
- axis_id: ops
  cell_id: ops.toil_minutes_within_50pct
  source_lock: proof_status.lock.yaml
  status: green
  detail: field total_cells=95 >= '95'
- axis_id: tier1
  cell_id: tier1.bidi_conformance_complete
  source_lock: ../../tier1/lock/capabilities.lock.yaml
  status: green
  detail: all 2 clauses green
- axis_id: tier1
  cell_id: tier1.migration_pair_dry_run_green
  source_lock: ../../tier1/lock/dry_run.lock.yaml
  status: green
  detail: all 2 clauses green
- axis_id: tier1
  cell_id: tier1.observation_signal_complete
  source_lock: ../../tier1/lock/signals.lock.yaml
  status: green
  detail: all 2 clauses green
- axis_id: tier1
  cell_id: tier1.auth_idp_capability_complete
  source_lock: ../../tier1/lock/idp_capabilities.lock.yaml
  status: green
  detail: all 2 clauses green
- axis_id: tier1
  cell_id: tier1.kek_backend_drill_green
  source_lock: ../../tier1/lock/backends.lock.yaml
  status: green
  detail: all 2 clauses green
- axis_id: tier1
  cell_id: tier1.schema_registry_drift_zero
  source_lock: ../../tier1/lock/registries.lock.yaml
  status: green
  detail: all 2 clauses green
- axis_id: tier1
  cell_id: tier1.slo_compliance_quarterly_green
  source_lock: ../../tier1/lock/instruments.lock.yaml
  status: green
  detail: all 2 clauses green
- axis_id: tier1
  cell_id: tier1.oss_lifecycle_drill_green
  source_lock: ../../tier1/lock/oss_inventory.lock.yaml
  status: green
  detail: all 2 clauses green
- axis_id: tier1
  cell_id: tier1.tenant_capacity_drill_green
  source_lock: ../../tier1/lock/enforcement_points.lock.yaml
  status: green
  detail: all 2 clauses green
- axis_id: tier2
  cell_id: tier2.tenant_isolation_drill_green
  source_lock: ../../tier2/lock/migration.lock.yaml
  status: green
  detail: all 2 clauses green
- axis_id: tier2
  cell_id: tier2.atomic_triple_write_verified
  source_lock: ../../tier2/lock/migration.lock.yaml
  status: green
  detail: all 2 clauses green
- axis_id: tier2
  cell_id: tier2.cross_tenant_isolation_zero
  source_lock: ../../tier2/lock/migration.lock.yaml
  status: green
  detail: all 2 clauses green
- axis_id: tier3
  cell_id: tier3.client_state_conformance_complete
  source_lock: ../../tier3/lock/conflict_tree.lock.yaml
  status: green
  detail: all 2 clauses green
- axis_id: tier3
  cell_id: tier3.conflict_tree_subtypes_green
  source_lock: ../../tier3/lock/conflict_tree.lock.yaml
  status: green
  detail: all 2 clauses green
- axis_id: tier3
  cell_id: tier3.forbidden_export_symbols_enforced
  source_lock: ../../tier3/lock/forbidden_export_symbols.lock.yaml
  status: green
  detail: all 2 clauses green
- axis_id: tier2
  cell_id: tier2.quota_5class_green
  source_lock: ../../tier2/lock/quota.lock.yaml
  status: green
  detail: all 2 clauses green
- axis_id: tier2
  cell_id: tier2.abac_opa_green
  source_lock: ../../tier2/lock/abac_opa.lock.yaml
  status: green
  detail: all 2 clauses green
- axis_id: tier2
  cell_id: tier2.scheduler_argo_green
  source_lock: ../../tier2/lock/scheduler_argo.lock.yaml
  status: green
  detail: all 2 clauses green
- axis_id: tier2
  cell_id: tier2.weaver_semantic_conv_match_green
  source_lock: ../../tier2/lock/weaver.lock.yaml
  status: green
  detail: all 2 clauses green
- axis_id: tier2
  cell_id: tier2.api_neutrality_green
  source_lock: ../../tier2/lock/api_neutrality.lock.yaml
  status: green
  detail: all 2 clauses green
- axis_id: tier2
  cell_id: tier2.second_industry_stub_green
  source_lock: ../../tier2/lock/second_industry_stub.lock.yaml
  status: green
  detail: all 2 clauses green
- axis_id: tier2
  cell_id: tier2.registry_pin_green
  source_lock: ../../tier2/lock/registry_pin.lock.yaml
  status: green
  detail: all 2 clauses green
- axis_id: tier3
  cell_id: tier3.a11y_audit_green
  source_lock: ../../tier3/lock/conflict_tree.lock.yaml
  status: green
  detail: all 2 clauses green
- axis_id: tier3
  cell_id: tier3.e2e_8scenarios_green
  source_lock: ../../tier3/lock/test_matrix.lock.yaml
  status: green
  detail: all 2 clauses green
- axis_id: tier3
  cell_id: tier3.forms_eslint_no_tenant_id_green
  source_lock: ../../tier3/lock/forms_lint.lock.yaml
  status: green
  detail: all 2 clauses green
- axis_id: tier3
  cell_id: tier3.notifications_idempotent_green
  source_lock: ../../tier3/lock/notifications_property.lock.yaml
  status: green
  detail: all 2 clauses green
- axis_id: tier3
  cell_id: tier3.design_tokens_contrast_green
  source_lock: ../../tier3/lock/design_tokens_contrast.lock.yaml
  status: green
  detail: all 2 clauses green
- axis_id: client
  cell_id: client.sdk_distribution_5class_green
  source_lock: ../../client/lock/sdk_inventory.lock.yaml
  status: green
  detail: all 2 clauses green
- axis_id: client
  cell_id: client.pact_contract_green
  source_lock: ../../client/lock/pact_results.lock.yaml
  status: green
  detail: all 2 clauses green
- axis_id: client
  cell_id: client.supply_chain_signed_green
  source_lock: ../../client/lock/sdk_inventory.lock.yaml
  status: green
  detail: all 2 clauses green
- axis_id: client
  cell_id: client.sbom_grype_green
  source_lock: ../../client/lock/sdk_inventory.lock.yaml
  status: green
  detail: all 2 clauses green
- axis_id: client
  cell_id: client.slsa_l3_attested_green
  source_lock: ../../client/lock/sdk_inventory.lock.yaml
  status: green
  detail: all 2 clauses green
yellow_cells: []
red_cells: []
