_AUTO_GENERATED: DO NOT EDIT. Generated by tools/lock_yaml_generator/generate_release_gate_v2.py
release_gate_status: red
total_cells: 45
red_count: 4
yellow_count: 19
generated_at: '2026-05-17T10:04:16Z'
cells:
- axis_id: meta
  cell_id: meta.axis_registry_complete
  source_lock: axis_registry.lock.yaml
  status: green
  detail: field axes_count=19 == '19'
- axis_id: meta
  cell_id: meta.ownership_table_complete
  source_lock: ownership_table.lock.yaml
  status: green
  detail: len=19 >= 1
- axis_id: meta
  cell_id: meta.docs_lint_green
  source_lock: docs_lint.lock.yaml
  status: green
  detail: field status='green' == 'green'
- axis_id: meta
  cell_id: meta.repository_layout_integrity
  source_lock: repository_layout.lock.yaml
  status: green
  detail: field status='green' == 'green'
- axis_id: cross_http2
  cell_id: cross_http2.enforcement_complete
  source_lock: cross_cutting_registry.lock.yaml
  status: green
  detail: count=1 >= 1
- axis_id: cross_kek
  cell_id: cross_kek.shamir_threshold_drill_green
  source_lock: cross_cutting_registry.lock.yaml
  status: green
  detail: count=1 >= 1
- axis_id: cross_schema
  cell_id: cross_schema.apicurio_sot_drift_zero
  source_lock: cross_cutting_registry.lock.yaml
  status: green
  detail: count=1 >= 1
- axis_id: cross_fsm
  cell_id: cross_fsm.protoc_gen_go_codegen_drift_zero
  source_lock: cross_cutting_registry.lock.yaml
  status: green
  detail: count=1 >= 1
- axis_id: cross_slo
  cell_id: cross_slo.protection_layers_4tier_green
  source_lock: cross_cutting_registry.lock.yaml
  status: green
  detail: count=1 >= 1
- axis_id: cross_bff
  cell_id: cross_bff.auth_edge_isolation_complete
  source_lock: cross_cutting_registry.lock.yaml
  status: green
  detail: count=2 >= 1
- axis_id: cross_bff
  cell_id: cross_bff.tauri_sidecar_distribution_green
  source_lock: cross_cutting_registry.lock.yaml
  status: green
  detail: count=2 >= 2
- axis_id: cross_pii
  cell_id: cross_pii.dedicated_cluster_drill_green
  source_lock: cross_cutting_registry.lock.yaml
  status: green
  detail: count=2 >= 1
- axis_id: cross_pii
  cell_id: cross_pii.audit_ingest_gap_zero
  source_lock: cross_cutting_registry.lock.yaml
  status: green
  detail: count=2 >= 2
- axis_id: cross_edge
  cell_id: cross_edge.ops_edge_cluster_independent_green
  source_lock: cross_cutting_registry.lock.yaml
  status: green
  detail: count=4 >= 1
- axis_id: cross_edge
  cell_id: cross_edge.companion_otel_4stack_green
  source_lock: cross_cutting_registry.lock.yaml
  status: green
  detail: count=4 >= 2
- axis_id: cross_edge
  cell_id: cross_edge.ua_aware_adapter_capability_matrix_complete
  source_lock: cross_cutting_registry.lock.yaml
  status: green
  detail: count=4 >= 3
- axis_id: cross_edge
  cell_id: cross_edge.dotnet8_connect_conformance_green
  source_lock: cross_cutting_registry.lock.yaml
  status: green
  detail: count=4 >= 4
- axis_id: infra
  cell_id: infra.topology_class_drill_green
  source_lock: topology_class.lock.yaml
  status: red
  detail: count=0 == 5
- axis_id: infra
  cell_id: infra.clock_integrity_drill_green
  source_lock: clock_causality_proof.lock.yaml
  status: red
  detail: count=0 == 5
- axis_id: data
  cell_id: data.preservation_class_drill_green
  source_lock: preservation_substrates.lock.yaml
  status: red
  detail: count=0 == 5
- axis_id: data
  cell_id: data.restore_drill_quarterly_green
  source_lock: restore_drill.lock.yaml
  status: red
  detail: count=0 == 5
- axis_id: formal
  cell_id: formal.all_critical_verified
  source_lock: proof_status.lock.yaml
  status: yellow
  detail: proof_status.lock.yaml found (DSL pending)
- axis_id: formal
  cell_id: formal.proof_matrix_complete
  source_lock: proof_inventory.lock.yaml
  status: green
  detail: count=95 <= 95
- axis_id: formal
  cell_id: formal.no_open_above_severity_low
  source_lock: counter_example.lock.yaml
  status: green
  detail: count=0 == 0
- axis_id: formal
  cell_id: formal.dual_review_completeness_100pct
  source_lock: proof_review.lock.yaml
  status: yellow
  detail: proof_review.lock.yaml found (DSL pending)
- axis_id: formal
  cell_id: formal.assumption_cap_within_20
  source_lock: assumption.lock.yaml
  status: green
  detail: count=0 <= 20
- axis_id: formal
  cell_id: formal.tool_pin_drill_green
  source_lock: proof_inventory.lock.yaml
  status: yellow
  detail: proof_inventory.lock.yaml found (DSL pending)
- axis_id: formal
  cell_id: formal.reproducibility_daily_green
  source_lock: proof_inventory.lock.yaml
  status: yellow
  detail: proof_inventory.lock.yaml found (DSL pending)
- axis_id: formal
  cell_id: formal.cross_axis_lock_drift_zero
  source_lock: coverage_matrix.lock.yaml
  status: yellow
  detail: coverage_matrix.lock.yaml found (DSL pending)
- axis_id: formal
  cell_id: formal.slo_4_sli_green
  source_lock: proof_status.lock.yaml
  status: yellow
  detail: proof_status.lock.yaml found (DSL pending)
- axis_id: test
  cell_id: test.coverage_matrix_complete
  source_lock: coverage_matrix.lock.yaml
  status: green
  detail: len=90 >= 90
- axis_id: test
  cell_id: test.regression_corpus_drift_zero
  source_lock: regression_corpus.lock.yaml
  status: yellow
  detail: regression_corpus.lock.yaml found (DSL pending)
- axis_id: test
  cell_id: test.mutation_score_monotonic
  source_lock: coverage_matrix.lock.yaml
  status: yellow
  detail: coverage_matrix.lock.yaml found (DSL pending)
- axis_id: security
  cell_id: security.threat_model_coverage_100pct
  source_lock: threat_model.lock.yaml
  status: green
  detail: count=0 == 0
- axis_id: security
  cell_id: security.audit_event_chain_no_divergence
  source_lock: threat_model.lock.yaml
  status: yellow
  detail: threat_model.lock.yaml found (DSL pending)
- axis_id: security
  cell_id: security.build_provenance_slsa_l3plus
  source_lock: artifact_inventory.lock.yaml
  status: yellow
  detail: artifact_inventory.lock.yaml found (DSL pending)
- axis_id: ops
  cell_id: ops.loop_closure_complete
  source_lock: proof_status.lock.yaml
  status: yellow
  detail: proof_status.lock.yaml found (DSL pending)
- axis_id: ops
  cell_id: ops.toil_minutes_within_50pct
  source_lock: proof_status.lock.yaml
  status: yellow
  detail: proof_status.lock.yaml found (DSL pending)
- axis_id: tier1
  cell_id: tier1.bidi_conformance_complete
  source_lock: capabilities.lock.yaml
  status: yellow
  detail: capabilities.lock.yaml found (DSL pending)
- axis_id: tier1
  cell_id: tier1.slo_compliance_quarterly_green
  source_lock: capabilities.lock.yaml
  status: yellow
  detail: capabilities.lock.yaml found (DSL pending)
- axis_id: tier1
  cell_id: tier1.oss_lifecycle_drill_green
  source_lock: capabilities.lock.yaml
  status: yellow
  detail: capabilities.lock.yaml found (DSL pending)
- axis_id: tier1
  cell_id: tier1.tenant_capacity_drill_green
  source_lock: capabilities.lock.yaml
  status: yellow
  detail: capabilities.lock.yaml found (DSL pending)
- axis_id: tier2
  cell_id: tier2.tenant_isolation_drill_green
  source_lock: coverage_matrix.lock.yaml
  status: yellow
  detail: coverage_matrix.lock.yaml found (DSL pending)
- axis_id: tier3
  cell_id: tier3.client_state_conformance_complete
  source_lock: coverage_matrix.lock.yaml
  status: yellow
  detail: coverage_matrix.lock.yaml found (DSL pending)
- axis_id: client
  cell_id: client.sdk_distribution_5class_green
  source_lock: capabilities.lock.yaml
  status: yellow
  detail: capabilities.lock.yaml found (DSL pending)
yellow_cells:
- formal.all_critical_verified
- formal.dual_review_completeness_100pct
- formal.tool_pin_drill_green
- formal.reproducibility_daily_green
- formal.cross_axis_lock_drift_zero
- formal.slo_4_sli_green
- test.regression_corpus_drift_zero
- test.mutation_score_monotonic
- security.audit_event_chain_no_divergence
- security.build_provenance_slsa_l3plus
- ops.loop_closure_complete
- ops.toil_minutes_within_50pct
- tier1.bidi_conformance_complete
- tier1.slo_compliance_quarterly_green
- tier1.oss_lifecycle_drill_green
- tier1.tenant_capacity_drill_green
- tier2.tenant_isolation_drill_green
- tier3.client_state_conformance_complete
- client.sdk_distribution_5class_green
red_cells:
- infra.topology_class_drill_green
- infra.clock_integrity_drill_green
- data.preservation_class_drill_green
- data.restore_drill_quarterly_green
