_AUTO_GENERATED: DO NOT EDIT. Generated by tools/lock_yaml_generator/generate_trace_ledger.py
schema_version: v1
generated_at: '2026-05-22T13:15:52Z'
axis_registry_ref:
  lock: axis_registry.lock.yaml
  sha256: sha256:64e6fafa11d089a5da94f95f11fbf9e8d0a0ee6b438a47e7867f31cb98bd5733
summary:
  total_specs: 63
  specs_with_fr_ids: 63
  fr_to_spec_ratio: 1.0
edges:
- fr_id: FR-meta-001
  spec_id: detail.meta.axis_registry_conformance
  spec_path: docs/04_詳細設計/01_適合仕様/00_軸登録適合仕様.md
  kind: fr_to_spec
  verifier: docs_lint
- fr_id: FR-tier1-001
  spec_id: detail.tier1.bidi_conformance
  spec_path: docs/04_詳細設計/01_適合仕様/01_Bidi適合仕様.md
  kind: fr_to_spec
  verifier: docs_lint
- fr_id: FR-tier1-002
  spec_id: detail.tier1.migration_pair_conformance
  spec_path: docs/04_詳細設計/01_適合仕様/02_移行Pair適合仕様.md
  kind: fr_to_spec
  verifier: docs_lint
- fr_id: FR-tier1-003
  spec_id: detail.tier1.observability_conformance
  spec_path: docs/04_詳細設計/01_適合仕様/03_観測適合仕様.md
  kind: fr_to_spec
  verifier: docs_lint
- fr_id: FR-tier1-004
  spec_id: detail.tier1.auth_conformance
  spec_path: docs/04_詳細設計/01_適合仕様/04_認証適合仕様.md
  kind: fr_to_spec
  verifier: docs_lint
- fr_id: FR-tier1-005
  spec_id: detail.tier1.key_management_conformance
  spec_path: docs/04_詳細設計/01_適合仕様/05_鍵管理適合仕様.md
  kind: fr_to_spec
  verifier: docs_lint
- fr_id: FR-tier1-006
  spec_id: detail.tier1.schema_evolution_conformance
  spec_path: docs/04_詳細設計/01_適合仕様/06_スキーマ進化適合仕様.md
  kind: fr_to_spec
  verifier: docs_lint
- fr_id: FR-tier1-007
  spec_id: detail.tier1.slo_conformance
  spec_path: docs/04_詳細設計/01_適合仕様/07_SLO適合仕様.md
  kind: fr_to_spec
  verifier: docs_lint
- fr_id: FR-tier1-008
  spec_id: detail.tier1.oss_lifecycle_conformance
  spec_path: docs/04_詳細設計/01_適合仕様/08_OSSライフサイクル適合仕様.md
  kind: fr_to_spec
  verifier: docs_lint
- fr_id: FR-tier1-009
  spec_id: detail.tier1.tenant_capacity_conformance
  spec_path: docs/04_詳細設計/01_適合仕様/09_テナント容量適合仕様.md
  kind: fr_to_spec
  verifier: docs_lint
- fr_id: FR-tier2-001
  spec_id: detail.tier2.tenant_isolation_conformance
  spec_path: docs/04_詳細設計/01_適合仕様/10_テナント分離適合仕様.md
  kind: fr_to_spec
  verifier: docs_lint
- fr_id: FR-tier3-001
  spec_id: detail.tier3.client_state_conformance
  spec_path: docs/04_詳細設計/01_適合仕様/11_クライアント状態適合仕様.md
  kind: fr_to_spec
  verifier: docs_lint
- fr_id: FR-infra-001
  spec_id: detail.infra.cluster_topology_conformance
  spec_path: docs/04_詳細設計/01_適合仕様/12_クラスタ位相適合仕様.md
  kind: fr_to_spec
  verifier: docs_lint
- fr_id: FR-infra-002
  spec_id: detail.infra.clock_integrity_conformance
  spec_path: docs/04_詳細設計/01_適合仕様/13_時刻整合適合仕様.md
  kind: fr_to_spec
  verifier: docs_lint
- fr_id: FR-data-001
  spec_id: detail.data.preservation_conformance
  spec_path: docs/04_詳細設計/01_適合仕様/14_データ保全適合仕様.md
  kind: fr_to_spec
  verifier: docs_lint
- fr_id: FR-security-001
  spec_id: detail.security.threat_model_conformance
  spec_path: docs/04_詳細設計/01_適合仕様/15_脅威モデル適合仕様.md
  kind: fr_to_spec
  verifier: docs_lint
- fr_id: FR-security-002
  spec_id: detail.security.build_provenance_conformance
  spec_path: docs/04_詳細設計/01_適合仕様/16_build_provenance適合仕様.md
  kind: fr_to_spec
  verifier: docs_lint
- fr_id: FR-ops-001
  spec_id: detail.ops.ops_loop_conformance
  spec_path: docs/04_詳細設計/01_適合仕様/17_運用ループ適合仕様.md
  kind: fr_to_spec
  verifier: docs_lint
- fr_id: FR-client-001
  spec_id: detail.client.sdk_distribution_conformance
  spec_path: docs/04_詳細設計/01_適合仕様/18_クライアントSDK配布適合仕様.md
  kind: fr_to_spec
  verifier: docs_lint
- fr_id: FR-test-001
  spec_id: detail.test.verification_conformance
  spec_path: docs/04_詳細設計/01_適合仕様/19_検証規律適合仕様.md
  kind: fr_to_spec
  verifier: docs_lint
- fr_id: FR-formal-001
  spec_id: detail.formal.formal_conformance
  spec_path: docs/04_詳細設計/01_適合仕様/20_形式検証適合仕様.md
  kind: fr_to_spec
  verifier: docs_lint
- fr_id: FR-tier1-010
  spec_id: detail.tier1.tier1_enforcement
  spec_path: docs/04_詳細設計/02_強制機構/01_tier1強制機構.md
  kind: fr_to_spec
  verifier: docs_lint
- fr_id: FR-tier2-002
  spec_id: detail.tier2.tier2_enforcement
  spec_path: docs/04_詳細設計/02_強制機構/02_tier2強制機構.md
  kind: fr_to_spec
  verifier: docs_lint
- fr_id: FR-tier3-002
  spec_id: detail.tier3.tier3_enforcement
  spec_path: docs/04_詳細設計/02_強制機構/03_tier3強制機構.md
  kind: fr_to_spec
  verifier: docs_lint
- fr_id: FR-infra-003
  spec_id: detail.infra.infra_enforcement
  spec_path: docs/04_詳細設計/02_強制機構/04_infra強制機構.md
  kind: fr_to_spec
  verifier: docs_lint
- fr_id: FR-data-002
  spec_id: detail.data.data_enforcement
  spec_path: docs/04_詳細設計/02_強制機構/05_data強制機構.md
  kind: fr_to_spec
  verifier: docs_lint
- fr_id: FR-security-003
  spec_id: detail.security.security_enforcement
  spec_path: docs/04_詳細設計/02_強制機構/06_security強制機構.md
  kind: fr_to_spec
  verifier: docs_lint
- fr_id: FR-ops-002
  spec_id: detail.ops.ops_enforcement
  spec_path: docs/04_詳細設計/02_強制機構/07_ops強制機構.md
  kind: fr_to_spec
  verifier: docs_lint
- fr_id: FR-client-002
  spec_id: detail.client.client_enforcement
  spec_path: docs/04_詳細設計/02_強制機構/08_client強制機構.md
  kind: fr_to_spec
  verifier: docs_lint
- fr_id: FR-test-002
  spec_id: detail.test.test_enforcement
  spec_path: docs/04_詳細設計/02_強制機構/09_test強制機構.md
  kind: fr_to_spec
  verifier: docs_lint
- fr_id: FR-formal-002
  spec_id: detail.formal.formal_enforcement
  spec_path: docs/04_詳細設計/02_強制機構/10_formal強制機構.md
  kind: fr_to_spec
  verifier: docs_lint
- fr_id: FR-meta-002
  spec_id: detail.meta.cross_cluster_bundle_map
  spec_path: docs/04_詳細設計/03_クロスカッティング適合仕様/00_cluster_bundle_map.md
  kind: fr_to_spec
  verifier: docs_lint
- fr_id: FR-cross_http2-001
  spec_id: detail.cross_http2.http2_enforcement
  spec_path: docs/04_詳細設計/03_クロスカッティング適合仕様/01_HTTP2_enforcement.md
  kind: fr_to_spec
  verifier: docs_lint
- fr_id: FR-cross_kek-001
  spec_id: detail.cross_kek.kek_shamir_distribution
  spec_path: docs/04_詳細設計/03_クロスカッティング適合仕様/02_KEK_shamir_distribution.md
  kind: fr_to_spec
  verifier: docs_lint
- fr_id: FR-cross_schema-001
  spec_id: detail.cross_schema.apicurio_gitops_sot
  spec_path: docs/04_詳細設計/03_クロスカッティング適合仕様/03_apicurio_gitops_sot.md
  kind: fr_to_spec
  verifier: docs_lint
- fr_id: FR-cross_fsm-001
  spec_id: detail.cross_fsm.protoc_gen_go_fsm
  spec_path: docs/04_詳細設計/03_クロスカッティング適合仕様/04_protoc_gen_go_fsm.md
  kind: fr_to_spec
  verifier: docs_lint
- fr_id: FR-cross_slo-001
  spec_id: detail.cross_slo.slo_protection_layers
  spec_path: docs/04_詳細設計/03_クロスカッティング適合仕様/05_SLO_protection_layers.md
  kind: fr_to_spec
  verifier: docs_lint
- fr_id: FR-cross_bff-001
  spec_id: detail.cross_bff.bff_auth_edge
  spec_path: docs/04_詳細設計/03_クロスカッティング適合仕様/06_BFF_auth_edge.md
  kind: fr_to_spec
  verifier: docs_lint
- fr_id: FR-cross_bff-002
  spec_id: detail.cross_bff.tauri_companion_sidecar
  spec_path: docs/04_詳細設計/03_クロスカッティング適合仕様/07_Tauri_companion_sidecar.md
  kind: fr_to_spec
  verifier: docs_lint
- fr_id: FR-cross_pii-001
  spec_id: detail.cross_pii.pii_dedicated_cluster
  spec_path: docs/04_詳細設計/03_クロスカッティング適合仕様/08_PII_dedicated_cluster.md
  kind: fr_to_spec
  verifier: docs_lint
- fr_id: FR-cross_pii-002
  spec_id: detail.cross_pii.audit_ingest_gap_monitor
  spec_path: docs/04_詳細設計/03_クロスカッティング適合仕様/09_audit_ingest_gap_monitor.md
  kind: fr_to_spec
  verifier: docs_lint
- fr_id: FR-cross_edge-001
  spec_id: detail.cross_edge.ops_edge_cluster
  spec_path: docs/04_詳細設計/03_クロスカッティング適合仕様/10_ops_edge_cluster.md
  kind: fr_to_spec
  verifier: docs_lint
- fr_id: FR-cross_edge-002
  spec_id: detail.cross_edge.companion_otel_extension
  spec_path: docs/04_詳細設計/03_クロスカッティング適合仕様/11_companion_otel_extension.md
  kind: fr_to_spec
  verifier: docs_lint
- fr_id: FR-cross_edge-003
  spec_id: detail.cross_edge.ua_aware_adapter
  spec_path: docs/04_詳細設計/03_クロスカッティング適合仕様/12_UA_aware_adapter.md
  kind: fr_to_spec
  verifier: docs_lint
- fr_id: FR-cross_edge-004
  spec_id: detail.cross_edge.dotnet8_connect_inhouse
  spec_path: docs/04_詳細設計/03_クロスカッティング適合仕様/13_dotnet8_connect_inhouse.md
  kind: fr_to_spec
  verifier: docs_lint
- fr_id: FR-infra-004
  spec_id: detail.infra.ops_dx
  spec_path: docs/04_詳細設計/04_運用UI開発者体験/01_infra運用UI.md
  kind: fr_to_spec
  verifier: docs_lint
- fr_id: FR-data-003
  spec_id: detail.data.ops_dx
  spec_path: docs/04_詳細設計/04_運用UI開発者体験/02_data運用UI.md
  kind: fr_to_spec
  verifier: docs_lint
- fr_id: FR-security-004
  spec_id: detail.security.ops_dx
  spec_path: docs/04_詳細設計/04_運用UI開発者体験/03_security運用UI.md
  kind: fr_to_spec
  verifier: docs_lint
- fr_id: FR-ops-003
  spec_id: detail.ops.ops_dx
  spec_path: docs/04_詳細設計/04_運用UI開発者体験/04_ops運用UI.md
  kind: fr_to_spec
  verifier: docs_lint
- fr_id: FR-client-003
  spec_id: detail.client.client_ops_ui
  spec_path: docs/04_詳細設計/04_運用UI開発者体験/05_client運用UI.md
  kind: fr_to_spec
  verifier: docs_lint
- fr_id: FR-test-003
  spec_id: detail.test.ops_dx
  spec_path: docs/04_詳細設計/04_運用UI開発者体験/06_test運用UI.md
  kind: fr_to_spec
  verifier: docs_lint
- fr_id: FR-formal-003
  spec_id: detail.formal.ops_dx
  spec_path: docs/04_詳細設計/04_運用UI開発者体験/07_formal運用UI.md
  kind: fr_to_spec
  verifier: docs_lint
- fr_id: FR-meta-003
  spec_id: detail.ops_ui.developer_experience_integration
  spec_path: docs/04_詳細設計/04_運用UI開発者体験/08_開発者体験統合.md
  kind: fr_to_spec
  verifier: docs_lint
- fr_id: FR-formal-004
  spec_id: detail.formal.proof_artifact_system
  spec_path: docs/04_詳細設計/05_lock_yaml体系/01_proof_artifact体系.md
  kind: fr_to_spec
  verifier: docs_lint
- fr_id: FR-formal-005
  spec_id: detail.formal.counter_example_system
  spec_path: docs/04_詳細設計/05_lock_yaml体系/02_counter_example体系.md
  kind: fr_to_spec
  verifier: docs_lint
- fr_id: FR-meta-004
  spec_id: detail.formal.release_gate_system
  spec_path: docs/04_詳細設計/05_lock_yaml体系/03_release_gate体系.md
  kind: fr_to_spec
  verifier: docs_lint
- fr_id: FR-meta-005
  spec_id: detail.lock_yaml.artifact_lock_naming_convention
  spec_path: docs/04_詳細設計/05_lock_yaml体系/04_artifact_lock命名規約.md
  kind: fr_to_spec
  verifier: docs_lint
- fr_id: FR-meta-006
  spec_id: detail.meta.dual_signoff_system
  spec_path: docs/04_詳細設計/05_lock_yaml体系/05_dual_signoff体系.md
  kind: fr_to_spec
  verifier: docs_lint
- fr_id: FR-meta-007
  spec_id: detail.lock_yaml.immutable_archive
  spec_path: docs/04_詳細設計/05_lock_yaml体系/05_immutable_archive体系.md
  kind: fr_to_spec
  verifier: docs_lint
- fr_id: FR-formal-006
  spec_id: detail.formal.proof_matrix_system
  spec_path: docs/04_詳細設計/05_lock_yaml体系/06_proof_matrix体系.md
  kind: fr_to_spec
  verifier: docs_lint
- fr_id: FR-test-004
  spec_id: detail.test.verification_matrix_system
  spec_path: docs/04_詳細設計/05_lock_yaml体系/07_verification_matrix体系.md
  kind: fr_to_spec
  verifier: docs_lint
- fr_id: FR-formal-007
  spec_id: detail.formal.assumption_system
  spec_path: docs/04_詳細設計/05_lock_yaml体系/08_assumption体系.md
  kind: fr_to_spec
  verifier: docs_lint
- fr_id: FR-meta-008
  spec_id: detail.meta.trace_ledger_system
  spec_path: docs/04_詳細設計/05_lock_yaml体系/09_trace_ledger体系.md
  kind: fr_to_spec
  verifier: docs_lint
