_AUTO_GENERATED: DO NOT EDIT. Generated by tools/lock_yaml_generator/generate_coverage_oracle.py
schema_version: v1
generated_at: '2026-05-22T21:39:13Z'
source:
  trace_ledger: trace_ledger.lock.yaml
  trace_ledger_sha256: sha256:c53c04277f7804898b07530424ca7179e3e1cc46d7a8caf386957f6565172bfc
summary:
  total_fr_ids: 63
  fr_ids_with_impl: 63
  fr_to_impl_ratio: 1.0
  impl_ids_found: 63
  dangling_impl_count: 0
impl_edges:
- impl_id: IMPL-tier2-0002
  fr_id: FR-tier2-002
  file: src/tier2/rust/src/lib.rs
  line: '1'
- impl_id: IMPL-client-0001
  fr_id: FR-client-001
  file: src/client/hlc_lib/rust/src/lib.rs
  line: '1'
- impl_id: IMPL-cross_bff-0001
  fr_id: FR-cross_bff-001
  file: src/_crosscutting/06_bff_auth_edge/bff/src/main.rs
  line: '1'
- impl_id: IMPL-cross_bff-0002
  fr_id: FR-cross_bff-002
  file: src/_crosscutting/07_tauri_companion_sidecar/sidecar/src/main.rs
  line: '1'
- impl_id: IMPL-cross_pii-0002
  fr_id: FR-cross_pii-002
  file: src/_crosscutting/09_audit_ingest_gap_monitor/monitor/src/main.rs
  line: '1'
- impl_id: IMPL-tier1-0006
  fr_id: FR-tier1-006
  file: src/tier1/library/rust/src/lib.rs
  line: '1'
- impl_id: IMPL-tier1-0002
  fr_id: FR-tier1-002
  file: src/tier1/tests/migration/src/lib.rs
  line: '1'
- impl_id: IMPL-cross_kek-0001
  fr_id: FR-cross_kek-001
  file: src/tier1/tests/kek_ceremony/src/main.rs
  line: '1'
- impl_id: IMPL-tier1-0004
  fr_id: FR-tier1-004
  file: src/tier1/server/bfl/src/main.rs
  line: '1'
- impl_id: IMPL-tier1-0001
  fr_id: FR-tier1-001
  file: src/tier1/server/gateway/src/lib.rs
  line: '1'
- impl_id: IMPL-tier3-0001
  fr_id: FR-tier3-001
  file: src/tier3/rust/src/lib.rs
  line: '1'
- impl_id: IMPL-tier2-0001
  fr_id: FR-tier2-001
  file: src/tier2/go/tenantcontext/tenant_context.go
  line: '1'
- impl_id: IMPL-cross_fsm-0001
  fr_id: FR-cross_fsm-001
  file: src/_crosscutting/04_protoc_gen_go_fsm/plugin/main.go
  line: '1'
- impl_id: IMPL-cross_schema-0001
  fr_id: FR-cross_schema-001
  file: src/_crosscutting/03_apicurio_gitops_sot/controller/main.go
  line: '1'
- impl_id: IMPL-tier1-0005
  fr_id: FR-tier1-005
  file: src/tier1/library/go/keyhandle/key_handle.go
  line: '1'
- impl_id: IMPL-tier1-0003
  fr_id: FR-tier1-003
  file: src/tier1/library/go/observability/observability.go
  line: '1'
- impl_id: IMPL-tier1-0007
  fr_id: FR-tier1-007
  file: src/tier1/operator/internal/controller/sloclass_controller.go
  line: '1'
- impl_id: IMPL-tier1-0008
  fr_id: FR-tier1-008
  file: src/tier1/operator/internal/controller/lifecycle_signal_controller.go
  line: '1'
- impl_id: IMPL-tier1-0009
  fr_id: FR-tier1-009
  file: src/tier1/operator/internal/controller/quotaclass_controller.go
  line: '1'
- impl_id: IMPL-cross_edge-0004
  fr_id: FR-cross_edge-004
  file: src/_crosscutting/13_dotnet8_connect_inhouse/lib/k1s0.Connect.NetCore.cs
  line: '1'
- impl_id: IMPL-tier1-0010
  fr_id: FR-tier1-010
  file: src/tier1/lint/K1s0Analyzer/K1s0Analyzer.cs
  line: '1'
- impl_id: IMPL-client-0002
  fr_id: FR-client-002
  file: src/client/browser_spa/src/index.ts
  line: '1'
- impl_id: IMPL-cross_edge-0003
  fr_id: FR-cross_edge-003
  file: src/_crosscutting/12_ua_aware_adapter/adapter/src/index.ts
  line: '1'
- impl_id: IMPL-tier3-0002
  fr_id: FR-tier3-002
  file: src/tier3/typescript/packages/forms/src/index.ts
  line: '1'
- impl_id: IMPL-infra-0004
  fr_id: FR-infra-004
  file: tools/lock_yaml_generator/generate_clock_drill.py
  line: '2'
- impl_id: IMPL-infra-0003
  fr_id: FR-infra-003
  file: tools/lock_yaml_generator/generate_failover_drill.py
  line: '2'
- impl_id: IMPL-cross_slo-0001
  fr_id: FR-cross_slo-001
  file: tools/lock_yaml_generator/generate_slo_rules.py
  line: '3'
- impl_id: IMPL-ops-0003
  fr_id: FR-ops-003
  file: tools/lock_yaml_generator/generate_runbook_catalog.py
  line: '2'
- impl_id: IMPL-meta-0001
  fr_id: FR-meta-001
  file: tools/lock_yaml_generator/generate_axis_registry.py
  line: '2'
- impl_id: IMPL-formal-0002
  fr_id: FR-formal-002
  file: tools/lock_yaml_generator/generate_proof_status.py
  line: '2'
- impl_id: IMPL-cross_edge-0002
  fr_id: FR-cross_edge-002
  file: tools/lock_yaml_generator/generate_otel_semconv.py
  line: '2'
- impl_id: IMPL-meta-0006
  fr_id: FR-meta-006
  file: tools/lock_yaml_generator/base_generator.py
  line: '2'
- impl_id: IMPL-cross_http2-0001
  fr_id: FR-cross_http2-001
  file: tools/lock_yaml_generator/generate_enforcement_points.py
  line: '2'
- impl_id: IMPL-infra-0001
  fr_id: FR-infra-001
  file: tools/lock_yaml_generator/generate_topology_class.py
  line: '2'
- impl_id: IMPL-formal-0005
  fr_id: FR-formal-005
  file: tools/lock_yaml_generator/generate_counter_example.py
  line: '2'
- impl_id: IMPL-test-0002
  fr_id: FR-test-002
  file: tools/lock_yaml_generator/generate_chaos_blueprints.py
  line: '2'
- impl_id: IMPL-data-0001
  fr_id: FR-data-001
  file: tools/lock_yaml_generator/generate_preservation_substrates.py
  line: '1'
- impl_id: IMPL-meta-0008
  fr_id: FR-meta-008
  file: tools/lock_yaml_generator/generate_trace_ledger.py
  line: '2'
- impl_id: IMPL-security-0001
  fr_id: FR-security-001
  file: tools/lock_yaml_generator/generate_threat_model.py
  line: '2'
- impl_id: IMPL-data-0002
  fr_id: FR-data-002
  file: tools/lock_yaml_generator/generate_restore_drill.py
  line: '2'
- impl_id: IMPL-security-0003
  fr_id: FR-security-003
  file: tools/lock_yaml_generator/generate_mitigation_bindings.py
  line: '2'
- impl_id: IMPL-formal-0004
  fr_id: FR-formal-004
  file: tools/lock_yaml_generator/generate_proof_inventory.py
  line: '2'
- impl_id: IMPL-formal-0001
  fr_id: FR-formal-001
  file: tools/lock_yaml_generator/generate_proof_matrix.py
  line: '2'
- impl_id: IMPL-security-0004
  fr_id: FR-security-004
  file: tools/lock_yaml_generator/generate_drill_progress.py
  line: '2'
- impl_id: IMPL-client-0003
  fr_id: FR-client-003
  file: tools/lock_yaml_generator/generate_sdk_inventory.py
  line: '2'
- impl_id: IMPL-data-0003
  fr_id: FR-data-003
  file: tools/lock_yaml_generator/generate_sbom_catalog.py
  line: '2'
- impl_id: IMPL-ops-0001
  fr_id: FR-ops-001
  file: tools/lock_yaml_generator/generate_ops_loop.py
  line: '2'
- impl_id: IMPL-formal-0006
  fr_id: FR-formal-006
  file: tools/lock_yaml_generator/generate_formal_ownership_table.py
  line: '2'
- impl_id: IMPL-meta-0005
  fr_id: FR-meta-005
  file: tools/lock_yaml_generator/generate_docs_lint.py
  line: '2'
- impl_id: IMPL-meta-0002
  fr_id: FR-meta-002
  file: tools/lock_yaml_generator/generate_cross_cutting_registry.py
  line: '2'
- impl_id: IMPL-meta-0004
  fr_id: FR-meta-004
  file: tools/lock_yaml_generator/generate_release_gate_v2.py
  line: '2'
- impl_id: IMPL-test-0004
  fr_id: FR-test-004
  file: tools/lock_yaml_generator/generate_mutation_score.py
  line: '2'
- impl_id: IMPL-test-0003
  fr_id: FR-test-003
  file: tools/lock_yaml_generator/generate_flaky_quarantine.py
  line: '2'
- impl_id: IMPL-security-0002
  fr_id: FR-security-002
  file: tools/lock_yaml_generator/generate_provenance_attestation.py
  line: '2'
- impl_id: IMPL-meta-0007
  fr_id: FR-meta-007
  file: tools/lock_yaml_generator/generate_artifact_inventory.py
  line: '2'
- impl_id: IMPL-formal-0003
  fr_id: FR-formal-003
  file: tools/lock_yaml_generator/generate_proof_review.py
  line: '2'
- impl_id: IMPL-cross_pii-0001
  fr_id: FR-cross_pii-001
  file: tools/lock_yaml_generator/generate_pii_classification.py
  line: '2'
- impl_id: IMPL-test-0001
  fr_id: FR-test-001
  file: tools/lock_yaml_generator/generate_coverage_matrix.py
  line: '2'
- impl_id: IMPL-formal-0007
  fr_id: FR-formal-007
  file: tools/lock_yaml_generator/generate_assumption.py
  line: '2'
- impl_id: IMPL-cross_edge-0001
  fr_id: FR-cross_edge-001
  file: tools/lock_yaml_generator/generate_instruments.py
  line: '2'
- impl_id: IMPL-infra-0002
  fr_id: FR-infra-002
  file: tools/lock_yaml_generator/generate_clock_integrity.py
  line: '2'
- impl_id: IMPL-meta-0003
  fr_id: FR-meta-003
  file: tools/lock_yaml_generator/generate_ownership_table.py
  line: '2'
- impl_id: IMPL-ops-0002
  fr_id: FR-ops-002
  file: tools/lock_yaml_generator/generate_alert_catalog.py
  line: '2'
dangling_impl: []
