_AUTO_GENERATED: DO NOT EDIT.
# コンパニオン OTel 拡張適合仕様のロックファイル: 実装状態と検証情報を記録する
spec_id: c11
# クラスタ ID: cross_companion_otel (コンパニオン OTel 拡張クロスカッティング適合仕様)
cluster_id: cross_companion_otel
# 強制ステータス: 実装済みであることを示す
enforcement_status: implemented
# 最終検証日時: ISO 8601 形式で記録する
last_verified_at: "2026-05-17T00:00:00Z"
# 検証方法: OTel 4 スタックテストによる検証
verification_method: otel_4stack_test
# 検証者: OTel 4 スタックテストクラス
verified_by: otel_4stack_test.cs
# 対応 4 スタック: .NET Framework の 4 種類の HTTP スタックを計装する
instrumented_stacks:
  # WCF: Windows Communication Foundation クライアントの計装
  wcf: implemented
  # HttpWebRequest: 旧来の HTTP スタックの計装
  http_web_request: implemented
  # HttpClient: 新世代 HTTP スタックの計装
  http_client: implemented
  # WebClient: 旧来の WebClient API の計装
  web_client: implemented
# OTel 機能: 実装された OTel 機能を記録する
otel_features:
  # W3C TraceContext: Traceparent ヘッダーの注入
  traceparent_injection: true
  # セマンティクス属性: OTel セマンティクス規約に準拠した属性設定
  semantic_attributes: true
  # OTLP エクスポーター: OpenTelemetry Collector へのエクスポート
  otlp_exporter: true
