_AUTO_GENERATED: DO NOT EDIT. Generated by tools/lock_yaml_generator/generate_backends.py
total_backends: 5
generated_at: '2026-05-17T15:46:15Z'
backends:
- key_class: v1_data_dek
  backend: software_kms_wrapped
  purpose: data_encryption
  drill_state: green
  notes: 'kind cluster: BFL /kek/dek endpoint generates KeyHandle (opaque, no raw bytes in response), DEK wrapping via OpenBao Transit encrypt API verified, crypto-shred via KEK delete confirmed'
- key_class: v1_data_kek
  backend: hsm_pkcs11_shamir_distributed
  purpose: kek_wrapping
  drill_state: green
  notes: 'kind cluster: OpenBao Transit aes256-gcm96 KEK, Shamir M=3 N=5 unseal simulated, KeyHandle wraps DEK without exposing raw KEK, per-tenant isolation verified'
- key_class: v1_token_signing
  backend: hsm_pkcs11
  purpose: signing_jwt
  drill_state: green
  notes: 'kind cluster: BFL /auth/verify returns AuthContext{is_valid, tenant_id, correlation_id}, raw JWT not in response, JWKS rotation 90-day cadence simulated'
- key_class: v1_audit_root_signing
  backend: hsm_pkcs11
  purpose: signing_audit_root
  drill_state: green
  notes: 'kind cluster: audit_event hash chain root computed, cosign keyless sign applied (OIDC token = kind service account), external notary simulation via SHA256 digest published'
- key_class: v1_mtls_workload
  backend: spire
  purpose: mtls_identity
  drill_state: green
  notes: 'kind cluster: SPIRE server + agent deployed, X.509 SVID issued to gateway pod, 6-hour rotation simulated, mTLS handshake between gateway and BFL verified'
