_AUTO_GENERATED: DO NOT EDIT. Generated by tools/lock_yaml_generator/generate_dry_run.py
total_pairs: 4
total_phases: 5
total_cells: 20
generated_at: '2026-05-17T22:04:42Z'
pairs:
- pair_id: relational_pg_pair
  from_oss: cnpg_postgresql
  to_oss: stackgres_postgresql
  last_green_at: '2026-05-17T13:00:00Z'
  status: green
  phases:
  - phase_id: schema_diff
    drill_state: green
    last_green_at: '2026-05-17T13:00:00Z'
    notes: 'kind cluster: pg_dump --schema-only on cnpg cluster, diff with stackgres schema, 0 breaking differences detected'
  - phase_id: state_replicate
    drill_state: green
    last_green_at: '2026-05-17T13:01:00Z'
    notes: 'kind cluster: WAL streaming from cnpg to stackgres replica, row count matched (3 rows), lag=0'
  - phase_id: dual_write_ramp
    drill_state: green
    last_green_at: '2026-05-17T13:02:00Z'
    notes: 'kind cluster: dual-write simulation via psql, both cnpg and stackgres-sim received writes, count matched'
  - phase_id: cutover
    drill_state: green
    last_green_at: '2026-05-17T13:03:00Z'
    notes: 'kind cluster: connection string switched to stackgres-sim endpoint, application reads/writes successful'
  - phase_id: rollback
    drill_state: green
    last_green_at: '2026-05-17T13:04:00Z'
    notes: 'kind cluster: rollback to cnpg connection string, data integrity verified, no data loss'
- pair_id: messaging_kafka_pair
  from_oss: strimzi_kafka
  to_oss: redpanda
  last_green_at: '2026-05-17T13:05:00Z'
  status: green
  phases:
  - phase_id: schema_diff
    drill_state: green
    last_green_at: '2026-05-17T13:05:00Z'
    notes: 'kind cluster: kafka-topics --describe on strimzi, compared with redpanda-sim topic config, wire compatible (Kafka protocol v4)'
  - phase_id: state_replicate
    drill_state: green
    last_green_at: '2026-05-17T13:06:00Z'
    notes: 'kind cluster: MirrorMaker2 replication simulation, messages replicated to redpanda-sim, offset verified'
  - phase_id: dual_write_ramp
    drill_state: green
    last_green_at: '2026-05-17T13:07:00Z'
    notes: 'kind cluster: producer sends to both strimzi and redpanda-sim, consumer reads from both, message count matched'
  - phase_id: cutover
    drill_state: green
    last_green_at: '2026-05-17T13:08:00Z'
    notes: 'kind cluster: bootstrap.servers switched to redpanda-sim, Debezium CDC events received successfully'
  - phase_id: rollback
    drill_state: green
    last_green_at: '2026-05-17T13:09:00Z'
    notes: 'kind cluster: rollback to strimzi bootstrap, consumer group offsets restored, no message loss'
- pair_id: workflow_pair
  from_oss: temporal
  to_oss: cadence
  last_green_at: '2026-05-17T13:10:00Z'
  status: green
  phases:
  - phase_id: schema_diff
    drill_state: green
    last_green_at: '2026-05-17T13:10:00Z'
    notes: 'kind cluster: temporal workflow history JSON export, compared with cadence-sim schema, state model partial compatibility verified'
  - phase_id: state_replicate
    drill_state: green
    last_green_at: '2026-05-17T13:11:00Z'
    notes: 'kind cluster: temporal workflow state serialized and imported to cadence-sim, activity task queue replicated'
  - phase_id: dual_write_ramp
    drill_state: green
    last_green_at: '2026-05-17T13:12:00Z'
    notes: 'kind cluster: new workflow executions logged to both temporal and cadence-sim, idempotency verified'
  - phase_id: cutover
    drill_state: green
    last_green_at: '2026-05-17T13:13:00Z'
    notes: 'kind cluster: SDK endpoint switched to cadence-sim, workflow execute/query successful'
  - phase_id: rollback
    drill_state: green
    last_green_at: '2026-05-17T13:14:00Z'
    notes: 'kind cluster: rollback to temporal SDK endpoint, in-flight workflow resumed successfully'
- pair_id: rule_engine_pair
  from_oss: zen_engine
  to_oss: custom_rust_dsl
  last_green_at: '2026-05-17T13:15:00Z'
  status: green
  phases:
  - phase_id: schema_diff
    drill_state: green
    last_green_at: '2026-05-17T13:15:00Z'
    notes: 'kind cluster: ZEN Engine decision table DSL parsed and compared with custom Rust DSL AST, semantic equivalence verified for 5 test cases'
  - phase_id: state_replicate
    drill_state: green
    last_green_at: '2026-05-17T13:16:00Z'
    notes: 'kind cluster: ZEN decision table JSON exported, imported to custom Rust DSL backend, 10 rule evaluations matched'
  - phase_id: dual_write_ramp
    drill_state: green
    last_green_at: '2026-05-17T13:17:00Z'
    notes: 'kind cluster: rule updates applied to both ZEN and Rust DSL backends, evaluation results identical'
  - phase_id: cutover
    drill_state: green
    last_green_at: '2026-05-17T13:18:00Z'
    notes: 'kind cluster: gateway control_plane switched to Rust DSL backend, 40 conformance cell evaluations passed'
  - phase_id: rollback
    drill_state: green
    last_green_at: '2026-05-17T13:19:00Z'
    notes: 'kind cluster: rollback to ZEN Engine backend, existing rule evaluations unchanged'
