_AUTO_GENERATED: DO NOT EDIT. Generated by tools/lock_yaml_generator/generate_idp_capabilities.py
total_capabilities: 4
generated_at: '2026-05-17T13:08:38Z'
capabilities:
- idp_id: keycloak_oidc
  auth_protocol: oidc
  status: green
  notes: 'kind cluster: BFL /auth/verify returns AuthContext with is_valid=true for valid OIDC token, raw token not in response'
- idp_id: dpop_token
  auth_protocol: dpop
  status: green
  notes: 'kind cluster: DPoP proof-of-possession verified via BFL, AuthContext returned, token not exposed in public API'
- idp_id: mtls_client_cert
  auth_protocol: mtls
  status: green
  notes: 'kind cluster: mTLS client cert validated by gateway, AuthContext.service_account populated, no raw cert in response'
- idp_id: jwt_bearer
  auth_protocol: jwt
  status: green
  notes: 'kind cluster: Envoy jwt_authn filter validates bearer token, AuthContext forwarded to upstream, raw token stripped from forwarded headers'
