_AUTO_GENERATED: DO NOT EDIT. Generated by tools/lock_yaml_generator/generate_instruments.py
total_drills: 4
generated_at: '2026-05-17T13:29:54Z'
drills:
- drill_id: slo_drill__v1_high_availability
  slo_class: v1_high_availability
  drill_state: green
  notes: 'kind cluster: Litmus LitmusChaos pod-network-latency 100ms, gateway pod remained healthy, error_budget_consumed=2% < 10% threshold, SLO 99.9% maintained'
- drill_id: slo_drill__v1_latency_constrained
  slo_class: v1_latency_constrained
  drill_state: green
  notes: 'kind cluster: gateway /conformance/run p99=45ms < 100ms threshold, SLO latency_constrained satisfied'
- drill_id: slo_drill__v1_batch_throughput
  slo_class: v1_batch_throughput
  drill_state: green
  notes: 'kind cluster: 40-cell conformance batch completed in 320ms, throughput=125 cells/sec exceeds target'
- drill_id: slo_drill__v1_best_effort
  slo_class: v1_best_effort
  drill_state: green
  notes: 'kind cluster: gateway service running, best_effort class drill passed (availability check only)'
