_AUTO_GENERATED: DO NOT EDIT. Generated by tools/lock_yaml_generator/generate_instruments.py
total_drills: 6
generated_at: '2026-05-22T12:34:34Z'
metadata:
  catalog_validation_status: passed
  catalog_sot_hash: sha256:6d0d8db168b938fffac215b4c54c30a230a18c4a99830bd0b5746ced57e725d0
  catalog_classes_path: src/tier1/schema/slo/classes.yaml
  catalog_scenarios_path: src/tier1/schema/slo/scenarios.yaml
drills:
- drill_id: slo_drill__v1_request_availability
  slo_class: v1_request_availability
  drill_state: green
  notes: 'kind cluster: Litmus pod-network-latency 100ms injected, availability 99.92% > 99.9% SLO, error_budget_consumed=2.4% < 10% threshold, fast_burn 14.4x not triggered'
- drill_id: slo_drill__v1_request_latency_p99
  slo_class: v1_request_latency_p99
  drill_state: green
  notes: 'kind cluster: gateway /conformance/run p99=45ms < 200ms threshold (v1_interactive lag budget), burn_rate 14x not triggered, multi-window fast_1h+slow_6h both green'
- drill_id: slo_drill__v1_request_latency_p99_cross_region
  slo_class: v1_request_latency_p99_cross_region
  drill_state: green
  notes: 'kind cluster: cross-region write simulation Tokyo↔Osaka RTT emulation, p99=980ms < 1500ms target, burn_rate within budget, no false positive on region rebalance'
- drill_id: slo_drill__v1_event_freshness
  slo_class: v1_event_freshness
  drill_state: green
  notes: 'kind cluster: Kafka messaging_bridge lag p95=320ms < 5000ms target, SSE sse_paired lag p95=85ms < 200ms target (v1_alert), fast_30m+slow_4h burn both green'
- drill_id: slo_drill__v1_workflow_completion
  slo_class: v1_workflow_completion
  drill_state: green
  notes: 'kind cluster: Temporal workflow completion_rate=99.7% > 99.5% SLO, timeout/cancellation counted as fail, fast_4h burn green, ticket_only alert not triggered'
- drill_id: slo_drill__v1_data_durability
  slo_class: v1_data_durability
  drill_state: green
  notes: 'kind cluster: PITR restore drill completed, outbox relay reconciliation hash chain intact, DB checksum verified, Kyverno freeze_on_any_loss policy triggered correctly on simulated loss event'
