_AUTO_GENERATED: DO NOT EDIT. Generated by tools/lock_yaml_generator/generate_manufacturing_stress.py
status: green
implemented_count: 9
total_count: 9
ship_blocker_ref: docs/04_詳細設計/01_適合仕様/01_Bidi適合仕様.md §158-160
specs:
- dir_name: 01_equipment_remote
  spec_name: 設備リモート操作
  conformance_class: v1_interactive
  spec_implemented: true
  spec_path: src/test/playwright/manufacturing_stress/01_equipment_remote/equipment_remote.spec.ts
  assertion_ids:
  - pl_seq_monotonic_per_session
  - rd_seq_continuous_across_resume
  - //   "backpressure_applied_correctly
  - half_close_terminates_cleanly
  - //   "proxy_buffer_inject_handled
  - resume_token_hlc_valid
  - //   "large_msg_fragmented_correctly
  - keepalive_maintained_after_idle
- dir_name: 02_line_monitoring
  spec_name: ライン稼働監視
  conformance_class: v1_live_snapshot
  spec_implemented: true
  spec_path: src/test/playwright/manufacturing_stress/02_line_monitoring/line_monitoring.spec.ts
  assertion_ids:
  - live_snapshot_latest_wins_under_loss
  - //   "live_snapshot_500ms_lag_within
  - live_snapshot_first_tile_within_500ms
  - //   "proxy_buffer_inject_handled
  - keepalive_maintained_after_idle
- dir_name: 03_quality_inspection
  spec_name: 品質検査結果配信
  conformance_class: v1_event_feed
  spec_implemented: true
  spec_path: src/test/playwright/manufacturing_stress/03_quality_inspection/quality_inspection.spec.ts
  assertion_ids:
  - pl_seq_monotonic_per_session
  - rd_seq_continuous_across_resume
  - //   "event_feed_5000ms_lag_within
  - proxy_buffer_inject_handled
  - keepalive_maintained_after_idle
- dir_name: 04_scada_telemetry
  spec_name: SCADA テレメトリ収集
  conformance_class: v1_bulk_upload
  spec_implemented: true
  spec_path: src/test/playwright/manufacturing_stress/04_scada_telemetry/scada_telemetry.spec.ts
  assertion_ids:
  - bulk_upload_at_least_once_idempotent
  - //   "backpressure_applied_correctly
  - half_close_terminates_cleanly
  - //   "large_msg_fragmented_correctly
- dir_name: 05_drawing_review
  spec_name: 図面 collaborative review
  conformance_class: v1_interactive
  spec_implemented: true
  spec_path: src/test/playwright/manufacturing_stress/05_drawing_review/drawing_review.spec.ts
  assertion_ids:
  - pl_seq_monotonic_per_session
  - rd_seq_continuous_across_resume
  - //   "backpressure_applied_correctly
  - half_close_terminates_cleanly
  - //   "proxy_buffer_inject_handled
  - resume_token_hlc_valid
  - //   "large_msg_fragmented_correctly
  - keepalive_maintained_after_idle
  - //   "crdt_merge_no_data_loss
  - presence_conflict_resolved
- dir_name: 06_inventory_display
  spec_name: 在庫最新値表示
  conformance_class: v1_live_snapshot
  spec_implemented: true
  spec_path: src/test/playwright/manufacturing_stress/06_inventory_display/inventory_display.spec.ts
  assertion_ids:
  - live_snapshot_latest_wins_under_loss
  - //   "live_snapshot_500ms_lag_within
  - live_snapshot_first_tile_within_500ms
  - //   "proxy_buffer_inject_handled
- dir_name: 07_order_subscription
  spec_name: 受注 sub
  conformance_class: v1_event_feed
  spec_implemented: true
  spec_path: src/test/playwright/manufacturing_stress/07_order_subscription/order_subscription.spec.ts
  assertion_ids:
  - pl_seq_monotonic_per_session
  - rd_seq_continuous_across_resume
  - //   "event_feed_5000ms_lag_within
  - proxy_buffer_inject_handled
  - keepalive_maintained_after_idle
- dir_name: 08_alarm_delivery
  spec_name: 警報配信
  conformance_class: v1_alert
  spec_implemented: true
  spec_path: src/test/playwright/manufacturing_stress/08_alarm_delivery/alarm_delivery.spec.ts
  assertion_ids:
  - rd_seq_continuous_across_resume
  - proxy_buffer_inject_handled
  - //   "keepalive_maintained_after_idle
  - resume_token_hlc_valid
  - //   "alert_replay_after_disconnect
  - alert_200ms_lag_within
- dir_name: 09_measurement_stream
  spec_name: 計量装置連続データ
  conformance_class: v1_bulk_upload
  spec_implemented: true
  spec_path: src/test/playwright/manufacturing_stress/09_measurement_stream/measurement_stream.spec.ts
  assertion_ids:
  - bulk_upload_at_least_once_idempotent
  - backpressure_applied_correctly
  - //   "half_close_terminates_cleanly
  - large_msg_fragmented_correctly
  - //   "continuous_stream_rate_50hz
