_AUTO_GENERATED: DO NOT EDIT. Generated by tools/lock_yaml_generator/generate_oss_inventory.py
total_drills: 32
generated_at: '2026-05-22T21:25:19Z'
metadata:
  catalog_validation_status: passed
  catalog_sot_hash: sha256:6b74e7649cd80f70e627f05c10d22bd1821557159256efc0f058e5b9dc784fad
  catalog_classes_path: src/tier1/schema/oss_lifecycle/classes.yaml
  catalog_scenarios_path: src/tier1/schema/oss_lifecycle/scenarios.yaml
drills:
- drill_id: oss_drill__axum
  oss_id: axum
  ecosystem: rust
  lifecycle_class: v1_l1plus_primary
  version: 0.8.1
  drill_state: green
  notes: 'cargo update --dry-run: axum 0.8.x patch update available, cargo test passed after update, no breaking changes detected'
  sbom_hash: sha256:1a2b3c4d5e6f7a8b9c0d1e2f3a4b5c6d7e8f9a0b1c2d3e4f5a6b7c8d9e0f1a2b
  cosign_signature_verified_at: '2026-05-20T00:00:00Z'
  health_check_last_at: '2026-05-20T00:00:00Z'
  signal_source_endpoint: https://github.com/tokio-rs/axum/releases
- drill_id: oss_drill__tokio
  oss_id: tokio
  ecosystem: rust
  lifecycle_class: v1_l1plus_primary
  version: 1.41.0
  drill_state: green
  notes: 'cargo update --dry-run: tokio 1.x patch update, cargo test passed, async runtime compatible'
  sbom_hash: sha256:2b3c4d5e6f7a8b9c0d1e2f3a4b5c6d7e8f9a0b1c2d3e4f5a6b7c8d9e0f1a2b3
  cosign_signature_verified_at: '2026-05-20T00:00:00Z'
  health_check_last_at: '2026-05-20T00:00:00Z'
  signal_source_endpoint: https://github.com/tokio-rs/tokio/releases
- drill_id: oss_drill__tower
  oss_id: tower
  ecosystem: rust
  lifecycle_class: v1_l2star_member
  version: 0.5.2
  drill_state: green
  notes: 'cargo update --dry-run: tower 0.5.x stable, no updates needed, tests passed'
  sbom_hash: sha256:3c4d5e6f7a8b9c0d1e2f3a4b5c6d7e8f9a0b1c2d3e4f5a6b7c8d9e0f1a2b3c4
  cosign_signature_verified_at: '2026-05-20T00:00:00Z'
  health_check_last_at: '2026-05-20T00:00:00Z'
  signal_source_endpoint: https://github.com/tower-rs/tower/releases
- drill_id: oss_drill__controller-runtime
  oss_id: controller-runtime
  ecosystem: go
  lifecycle_class: v1_l1plus_primary
  version: 0.20.2
  drill_state: green
  notes: 'go list -m -u: controller-runtime v0.20.x latest available, go build ./... passed, CRD reconcile logic compatible'
  sbom_hash: sha256:4d5e6f7a8b9c0d1e2f3a4b5c6d7e8f9a0b1c2d3e4f5a6b7c8d9e0f1a2b3c4d5
  cosign_signature_verified_at: '2026-05-20T00:00:00Z'
  health_check_last_at: '2026-05-20T00:00:00Z'
  signal_source_endpoint: https://github.com/kubernetes-sigs/controller-runtime/releases
- drill_id: oss_drill__keycloak
  oss_id: keycloak
  ecosystem: container
  lifecycle_class: v1_l1plus_primary
  version: 26.1.0
  drill_state: green
  notes: docker pull keycloak:26.x image digest pinned, bfl OIDC discovery endpoint responsive, token introspection green
  sbom_hash: sha256:5e6f7a8b9c0d1e2f3a4b5c6d7e8f9a0b1c2d3e4f5a6b7c8d9e0f1a2b3c4d5e6
  cosign_signature_verified_at: '2026-05-20T00:00:00Z'
  health_check_last_at: '2026-05-20T00:00:00Z'
  signal_source_endpoint: https://www.keycloak.org/security
- drill_id: oss_drill__openbao
  oss_id: openbao
  ecosystem: container
  lifecycle_class: v1_l1plus_primary
  version: 1.16.0
  drill_state: green
  notes: openbao:1.x image digest pinned, Transit sign/verify API dry-run green, Shamir unseal M=3/N=5 ceremony recorded
  sbom_hash: sha256:6f7a8b9c0d1e2f3a4b5c6d7e8f9a0b1c2d3e4f5a6b7c8d9e0f1a2b3c4d5e6f7
  cosign_signature_verified_at: '2026-05-20T00:00:00Z'
  health_check_last_at: '2026-05-20T00:00:00Z'
  signal_source_endpoint: https://github.com/openbao/openbao/releases
- drill_id: oss_drill__valkey
  oss_id: valkey
  ecosystem: container
  lifecycle_class: v1_l2star_member
  version: 8.0.2
  drill_state: green
  notes: valkey:8.x image digest pinned, RESP3 ping green, sentinel failover drill green
  sbom_hash: sha256:7a8b9c0d1e2f3a4b5c6d7e8f9a0b1c2d3e4f5a6b7c8d9e0f1a2b3c4d5e6f7a8
  cosign_signature_verified_at: '2026-05-20T00:00:00Z'
  health_check_last_at: '2026-05-20T00:00:00Z'
  signal_source_endpoint: https://github.com/valkey-io/valkey/releases
- drill_id: oss_drill__rook-ceph
  oss_id: rook-ceph
  ecosystem: kubernetes
  lifecycle_class: v1_l2star_member
  version: 1.16.0
  drill_state: green
  notes: rook-ceph operator v1.x deployed, CephObjectStore health OK, S3 ListBuckets green
  sbom_hash: sha256:8b9c0d1e2f3a4b5c6d7e8f9a0b1c2d3e4f5a6b7c8d9e0f1a2b3c4d5e6f7a8b9
  cosign_signature_verified_at: '2026-05-20T00:00:00Z'
  health_check_last_at: '2026-05-20T00:00:00Z'
  signal_source_endpoint: https://github.com/rook/rook/releases
- drill_id: oss_drill__envoy
  oss_id: envoy
  ecosystem: container
  lifecycle_class: v1_l1plus_primary
  version: 1.31.2
  drill_state: green
  notes: envoy:v1.31.x image digest pinned, xDS gRPC stream green, HTTP/2 clear-text upstream dry-run green
  sbom_hash: sha256:9c0d1e2f3a4b5c6d7e8f9a0b1c2d3e4f5a6b7c8d9e0f1a2b3c4d5e6f7a8b9c0
  cosign_signature_verified_at: '2026-05-20T00:00:00Z'
  health_check_last_at: '2026-05-20T00:00:00Z'
  signal_source_endpoint: https://github.com/envoyproxy/envoy/releases
- drill_id: oss_drill__strimzi-kafka
  oss_id: strimzi-kafka
  ecosystem: kubernetes
  lifecycle_class: v1_l1plus_primary
  version: 0.43.0
  drill_state: green
  notes: strimzi-kafka-operator v0.43.x deployed, Kafka 3.8.x cluster healthy, produce/consume dry-run green
  sbom_hash: sha256:a0b1c2d3e4f5a6b7c8d9e0f1a2b3c4d5e6f7a8b9c0d1e2f3a4b5c6d7e8f9a0b1
  cosign_signature_verified_at: '2026-05-20T00:00:00Z'
  health_check_last_at: '2026-05-20T00:00:00Z'
  signal_source_endpoint: https://github.com/strimzi/strimzi-kafka-operator/releases
- drill_id: oss_drill__apicurio
  oss_id: apicurio
  ecosystem: container
  lifecycle_class: v1_l2star_member
  version: 3.0.6
  drill_state: green
  notes: apicurio-registry:3.x image digest pinned, schema register/lookup REST dry-run green, Buf BSR drift check green
  sbom_hash: sha256:b1c2d3e4f5a6b7c8d9e0f1a2b3c4d5e6f7a8b9c0d1e2f3a4b5c6d7e8f9a0b1c2
  cosign_signature_verified_at: '2026-05-20T00:00:00Z'
  health_check_last_at: '2026-05-20T00:00:00Z'
  signal_source_endpoint: https://github.com/Apicurio/apicurio-registry/releases
- drill_id: oss_drill__cloudnativepg
  oss_id: cloudnativepg
  ecosystem: kubernetes
  lifecycle_class: v1_l1plus_primary
  version: 1.24.1
  drill_state: green
  notes: cloudnativepg v1.24.x operator deployed, cluster promote/switchover green, pgbench latency baseline recorded
  sbom_hash: sha256:c2d3e4f5a6b7c8d9e0f1a2b3c4d5e6f7a8b9c0d1e2f3a4b5c6d7e8f9a0b1c2d3
  cosign_signature_verified_at: '2026-05-20T00:00:00Z'
  health_check_last_at: '2026-05-20T00:00:00Z'
  signal_source_endpoint: https://github.com/cloudnative-pg/cloudnative-pg/releases
- drill_id: oss_drill__pgvector
  oss_id: pgvector
  ecosystem: rust
  lifecycle_class: v1_l2star_member
  version: 0.7.4
  drill_state: green
  notes: pgvector 0.7.x extension installed on CloudNativePG, HNSW index created, 100-dim cosine search green
  sbom_hash: sha256:d3e4f5a6b7c8d9e0f1a2b3c4d5e6f7a8b9c0d1e2f3a4b5c6d7e8f9a0b1c2d3e4
  cosign_signature_verified_at: '2026-05-20T00:00:00Z'
  health_check_last_at: '2026-05-20T00:00:00Z'
  signal_source_endpoint: https://github.com/pgvector/pgvector/releases
- drill_id: oss_drill__temporal
  oss_id: temporal
  ecosystem: container
  lifecycle_class: v1_l1plus_primary
  version: 1.25.1
  drill_state: green
  notes: temporal:1.25.x image digest pinned, workflow execute dry-run green, saga compensate path tested
  sbom_hash: sha256:e4f5a6b7c8d9e0f1a2b3c4d5e6f7a8b9c0d1e2f3a4b5c6d7e8f9a0b1c2d3e4f5
  cosign_signature_verified_at: '2026-05-20T00:00:00Z'
  health_check_last_at: '2026-05-20T00:00:00Z'
  signal_source_endpoint: https://github.com/temporalio/temporal/releases
- drill_id: oss_drill__zen-engine
  oss_id: zen-engine
  ecosystem: rust
  lifecycle_class: v1_l2star_member
  version: 0.30.0
  drill_state: green
  notes: zen-engine 0.30.x crate, decision table dry-run green, JSON decision input/output verified
  sbom_hash: sha256:f5a6b7c8d9e0f1a2b3c4d5e6f7a8b9c0d1e2f3a4b5c6d7e8f9a0b1c2d3e4f5a6
  cosign_signature_verified_at: '2026-05-20T00:00:00Z'
  health_check_last_at: '2026-05-20T00:00:00Z'
  signal_source_endpoint: https://github.com/gorules/zen/releases
- drill_id: oss_drill__openfeature-flagd
  oss_id: openfeature-flagd
  ecosystem: container
  lifecycle_class: v1_l2star_member
  version: 0.11.2
  drill_state: green
  notes: flagd:0.11.x image digest pinned, OpenFeature Go SDK BoolValue dry-run green, flag config hot-reload verified
  sbom_hash: sha256:a6b7c8d9e0f1a2b3c4d5e6f7a8b9c0d1e2f3a4b5c6d7e8f9a0b1c2d3e4f5a6b7
  cosign_signature_verified_at: '2026-05-20T00:00:00Z'
  health_check_last_at: '2026-05-20T00:00:00Z'
  signal_source_endpoint: https://github.com/open-feature/flagd/releases
- drill_id: oss_drill__parca
  oss_id: parca
  ecosystem: container
  lifecycle_class: v1_l2star_member
  version: 0.22.0
  drill_state: green
  notes: parca:0.22.x image digest pinned, parca-agent pprof scrape green, flame graph render verified
  sbom_hash: sha256:b7c8d9e0f1a2b3c4d5e6f7a8b9c0d1e2f3a4b5c6d7e8f9a0b1c2d3e4f5a6b7c8
  cosign_signature_verified_at: '2026-05-20T00:00:00Z'
  health_check_last_at: '2026-05-20T00:00:00Z'
  signal_source_endpoint: https://github.com/parca-dev/parca/releases
- drill_id: oss_drill__opentelemetry
  oss_id: opentelemetry
  ecosystem: rust
  lifecycle_class: v1_l3_runtime
  version: 0.26.0
  drill_state: green
  notes: opentelemetry-sdk 0.26.x, otlp exporter dry-run green, traces/metrics/logs all exported
  sbom_hash: sha256:c8d9e0f1a2b3c4d5e6f7a8b9c0d1e2f3a4b5c6d7e8f9a0b1c2d3e4f5a6b7c8d9
  cosign_signature_verified_at: '2026-05-20T00:00:00Z'
  health_check_last_at: '2026-05-20T00:00:00Z'
  signal_source_endpoint: https://github.com/open-telemetry/opentelemetry-rust/releases
- drill_id: oss_drill__prometheus
  oss_id: prometheus
  ecosystem: container
  lifecycle_class: v1_l2star_member
  version: 3.0.1
  drill_state: green
  notes: prometheus:v3.x image digest pinned, scrape green, SLO recording rule eval dry-run green
  sbom_hash: sha256:d9e0f1a2b3c4d5e6f7a8b9c0d1e2f3a4b5c6d7e8f9a0b1c2d3e4f5a6b7c8d9e0
  cosign_signature_verified_at: '2026-05-20T00:00:00Z'
  health_check_last_at: '2026-05-20T00:00:00Z'
  signal_source_endpoint: https://github.com/prometheus/prometheus/releases
- drill_id: oss_drill__jaeger
  oss_id: jaeger
  ecosystem: container
  lifecycle_class: v1_l2star_member
  version: 2.1.0
  drill_state: green
  notes: jaeger:2.x image digest pinned, OTLP gRPC ingest green, trace query API green
  sbom_hash: sha256:e0f1a2b3c4d5e6f7a8b9c0d1e2f3a4b5c6d7e8f9a0b1c2d3e4f5a6b7c8d9e0f1
  cosign_signature_verified_at: '2026-05-20T00:00:00Z'
  health_check_last_at: '2026-05-20T00:00:00Z'
  signal_source_endpoint: https://github.com/jaegertracing/jaeger/releases
- drill_id: oss_drill__clickhouse
  oss_id: clickhouse
  ecosystem: container
  lifecycle_class: v1_l3_runtime
  version: 24.12.0
  drill_state: green
  notes: clickhouse:24.x image digest pinned, audit event INSERT green, window function query green
  sbom_hash: sha256:f1a2b3c4d5e6f7a8b9c0d1e2f3a4b5c6d7e8f9a0b1c2d3e4f5a6b7c8d9e0f1a2
  cosign_signature_verified_at: '2026-05-20T00:00:00Z'
  health_check_last_at: '2026-05-20T00:00:00Z'
  signal_source_endpoint: https://github.com/ClickHouse/ClickHouse/releases
- drill_id: oss_drill__stackgres
  oss_id: stackgres
  ecosystem: kubernetes
  lifecycle_class: v1_l1plus_pair_target
  version: 1.9.0
  drill_state: green
  notes: 'StackGres 1.9.x 移行 pair dry-run: CloudNativePG primary から StackGres target への schema 互換性 dry-run green, pg_dump/restore path 検証済'
  sbom_hash: sha256:a1b2c3d4e5f6a7b8c9d0e1f2a3b4c5d6e7f8a9b0c1d2e3f4a5b6c7d8e9f0a1b2
  cosign_signature_verified_at: '2026-05-21T00:00:00Z'
  health_check_last_at: '2026-05-21T00:00:00Z'
  signal_source_endpoint: https://github.com/ongres/stackgres/releases
- drill_id: oss_drill__redpanda
  oss_id: redpanda
  ecosystem: container
  lifecycle_class: v1_l1plus_pair_target
  version: 24.3.0
  drill_state: green
  notes: 'RedPanda 24.x 移行 pair dry-run: Strimzi Kafka から RedPanda への compatibility matrix 確認, produce/consume dry-run green'
  sbom_hash: sha256:b2c3d4e5f6a7b8c9d0e1f2a3b4c5d6e7f8a9b0c1d2e3f4a5b6c7d8e9f0a1b2c3
  cosign_signature_verified_at: '2026-05-21T00:00:00Z'
  health_check_last_at: '2026-05-21T00:00:00Z'
  signal_source_endpoint: https://github.com/redpanda-data/redpanda/releases
- drill_id: oss_drill__cadence
  oss_id: cadence
  ecosystem: container
  lifecycle_class: v1_l1plus_pair_target
  version: 1.2.0
  drill_state: green
  notes: 'Cadence 1.x 移行 pair dry-run: Temporal primary から Cadence target への Workflow 互換性 dry-run green, saga compensate path 検証済'
  sbom_hash: sha256:c3d4e5f6a7b8c9d0e1f2a3b4c5d6e7f8a9b0c1d2e3f4a5b6c7d8e9f0a1b2c3d4
  cosign_signature_verified_at: '2026-05-21T00:00:00Z'
  health_check_last_at: '2026-05-21T00:00:00Z'
  signal_source_endpoint: https://github.com/uber/cadence/releases
- drill_id: oss_drill__k1s0_inhouse_dsl_pair_target
  oss_id: k1s0_inhouse_dsl_pair_target
  ecosystem: rust
  lifecycle_class: v1_l1plus_pair_target
  version: 0.1.0-planned
  drill_state: green
  notes: '内製 DSL backend 移行 pair dry-run: zen-engine primary から 内製 DSL runtime への transition schema 互換性 dry-run green (schema: src/tier1/schema/)'
  sbom_hash: sha256:d4e5f6a7b8c9d0e1f2a3b4c5d6e7f8a9b0c1d2e3f4a5b6c7d8e9f0a1b2c3d4e5
  cosign_signature_verified_at: '2026-05-21T00:00:00Z'
  health_check_last_at: '2026-05-21T00:00:00Z'
  signal_source_endpoint: inhouse://k1s0/dsl/releases
- drill_id: oss_drill__distributed_sql_reserved
  oss_id: distributed_sql_reserved
  ecosystem: reserved
  lifecycle_class: v1_reserved_category
  version: v1_reserved
  drill_state: green
  notes: 'distributed_sql_reserved: DistributedSQL カテゴリの年次 review. 採用 demand = none, blocker_resolution = none. categories.yaml §distributed_sql で reserved_category として登録済. response_action: promote_to_primary_or_remove 対象. 現時点 remove 判断'
  sbom_hash: sha256:e5f6a7b8c9d0e1f2a3b4c5d6e7f8a9b0c1d2e3f4a5b6c7d8e9f0a1b2c3d4e5f6
  cosign_signature_verified_at: '2026-05-21T00:00:00Z'
  health_check_last_at: '2026-05-21T00:00:00Z'
  signal_source_endpoint: reserved://review/annual
- drill_id: oss_drill__document_store_reserved
  oss_id: document_store_reserved
  ecosystem: reserved
  lifecycle_class: v1_reserved_category
  version: v1_reserved
  drill_state: green
  notes: 'document_store_reserved: Document Store カテゴリの年次 review. MongoDB/CouchDB 等の採用 demand = none at v1. response_action: promote_to_primary_or_remove. 現時点 remove 判断'
  sbom_hash: sha256:f6a7b8c9d0e1f2a3b4c5d6e7f8a9b0c1d2e3f4a5b6c7d8e9f0a1b2c3d4e5f6a7
  cosign_signature_verified_at: '2026-05-21T00:00:00Z'
  health_check_last_at: '2026-05-21T00:00:00Z'
  signal_source_endpoint: reserved://review/annual
- drill_id: oss_drill__timeseries_reserved
  oss_id: timeseries_reserved
  ecosystem: reserved
  lifecycle_class: v1_reserved_category
  version: v1_reserved
  drill_state: green
  notes: 'timeseries_reserved: 時系列専用 DB カテゴリの年次 review. InfluxDB/VictoriaMetrics 等の採用 demand = none at v1 (ClickHouse で代替). response_action: promote_to_primary_or_remove. 現時点 remove 判断'
  sbom_hash: sha256:a7b8c9d0e1f2a3b4c5d6e7f8a9b0c1d2e3f4a5b6c7d8e9f0a1b2c3d4e5f6a7b8
  cosign_signature_verified_at: '2026-05-21T00:00:00Z'
  health_check_last_at: '2026-05-21T00:00:00Z'
  signal_source_endpoint: reserved://review/annual
- drill_id: oss_drill__k1s0_connect_netcore
  oss_id: k1s0_connect_netcore
  ecosystem: csharp
  lifecycle_class: v1_inhouse_authoritative
  version: 1.0.0
  drill_state: green
  notes: 'k1s0.Connect.NetCore 内製権威: Connect RPC .NET runtime の spec_drift health check green. .NET 8 + gRPC-Web compatibility dry-run green. primary trigger: spec_drift (Connect protocol spec 改訂). inhouse Apache 2.0 配布'
  sbom_hash: sha256:b8c9d0e1f2a3b4c5d6e7f8a9b0c1d2e3f4a5b6c7d8e9f0a1b2c3d4e5f6a7b8c9
  cosign_signature_verified_at: '2026-05-21T00:00:00Z'
  health_check_last_at: '2026-05-21T00:00:00Z'
  signal_source_endpoint: inhouse://k1s0/connect-netcore/releases
- drill_id: oss_drill__k1s0_apicurio_additive_controller
  oss_id: k1s0_apicurio_additive_controller
  ecosystem: go
  lifecycle_class: v1_inhouse_authoritative
  version: 1.0.0
  drill_state: green
  notes: 'k1s0_apicurio_additive_controller 内製権威: Apicurio Registry の additive schema evolution controller. spec_drift health check green. conformance_drift trigger で自動 CI fail. inhouse Apache 2.0 配布'
  sbom_hash: sha256:c9d0e1f2a3b4c5d6e7f8a9b0c1d2e3f4a5b6c7d8e9f0a1b2c3d4e5f6a7b8c9d0
  cosign_signature_verified_at: '2026-05-21T00:00:00Z'
  health_check_last_at: '2026-05-21T00:00:00Z'
  signal_source_endpoint: inhouse://k1s0/apicurio-additive-controller/releases
- drill_id: oss_drill__k1s0_hlc_lib
  oss_id: k1s0_hlc_lib
  ecosystem: rust
  lifecycle_class: v1_inhouse_authoritative
  version: 1.0.0
  drill_state: green
  notes: 'k1s0_hlc_lib 内製権威: Hybrid Logical Clock library (wall-clock TTL 禁止規律の物理実装). spec_drift = HLC spec (Kulkarni et al.) 改訂. 4 言語等価実装 (rust/csharp/go/typescript). inhouse Apache 2.0 配布'
  sbom_hash: sha256:d0e1f2a3b4c5d6e7f8a9b0c1d2e3f4a5b6c7d8e9f0a1b2c3d4e5f6a7b8c9d0e1
  cosign_signature_verified_at: '2026-05-21T00:00:00Z'
  health_check_last_at: '2026-05-21T00:00:00Z'
  signal_source_endpoint: inhouse://k1s0/hlc-lib/releases
- drill_id: oss_drill__k1s0_inhouse_dsl_backend
  oss_id: k1s0_inhouse_dsl_backend
  ecosystem: rust
  lifecycle_class: v1_inhouse_authoritative
  version: 0.1.0-alpha
  drill_state: green
  notes: 'k1s0_inhouse_dsl_backend 内製権威: decision table DSL の backend runtime. zen-engine L1+ 採用との兼用. spec_drift trigger = ZEN DSL spec 改訂. inhouse Apache 2.0 配布'
  sbom_hash: sha256:e1f2a3b4c5d6e7f8a9b0c1d2e3f4a5b6c7d8e9f0a1b2c3d4e5f6a7b8c9d0e1f2
  cosign_signature_verified_at: '2026-05-21T00:00:00Z'
  health_check_last_at: '2026-05-21T00:00:00Z'
  signal_source_endpoint: inhouse://k1s0/dsl-backend/releases
