_AUTO_GENERATED: DO NOT EDIT. Generated by tools/lock_yaml_generator/generate_registries.py
total_registries: 6
generated_at: '2026-05-19T15:56:53Z'
metadata:
  catalog_validation_status: passed
  catalog_sot_hash: sha256:bcc022bded13b2c40930e58d4b30744fdc5c51ba30b34b10871753757c018562
  catalog_classes_path: src/tier1/schema/schema_evolution/classes.yaml
  catalog_scenarios_path: src/tier1/schema/schema_evolution/scenarios.yaml
registries:
- schema_class: v1_external_proto
  schema_kind: proto_external
  registry_backend: buf_bsr
  drift_status: zero
  notes: 'kind cluster: buf breaking --against .git#branch=main run on external proto, 0 breaking changes detected, BACKWARD compatibility enforced'
- schema_class: v1_internal_proto
  schema_kind: proto_internal
  registry_backend: buf_bsr_internal
  drift_status: zero
  notes: 'kind cluster: internal proto NONE compatibility mode verified, Argo Rollouts canary deploy simulated, all replicas updated simultaneously'
- schema_class: v1_event_avro
  schema_kind: event_avro
  registry_backend: apicurio
  drift_status: zero
  notes: 'kind cluster: Apicurio Registry FULL compatibility check via REST API, domain_event Avro schema registered, breaking evolution rejected (HTTP 409)'
- schema_class: v1_db_ddl
  schema_kind: db_ddl
  registry_backend: sqlx_migrations
  drift_status: zero
  notes: 'kind cluster: sqlx migrate run applied migrations 0001-0005 in order, forward-only verified, NOT NULL column added with DEFAULT, rolling upgrade window compatible'
- schema_class: v1_config_yaml
  schema_kind: config_yaml
  registry_backend: yaml_in_repo
  drift_status: zero
  notes: 'kind cluster: tier1 control_plane tenant config yaml validated against schema, BACKWARD compatible keys-only change tested, deprecated keys flagged after 6-month window'
- schema_class: v1_otel_semconv
  schema_kind: otel_semconv
  registry_backend: weaver
  drift_status: zero
  notes: 'kind cluster: OTel Weaver registry validated, tier1 signal attribute names match SemConv catalog, FULL compatibility check passed, no drift between gateway emitted attributes and weaver registry'
