_AUTO_GENERATED: DO NOT EDIT. Generated by tools/lock_yaml_generator/generate_signals.py
total_signals: 5
generated_at: '2026-05-17T22:04:42Z'
signals:
- signal_id: logs
  sor: clickhouse_logs
  collector: otel_collector
  status: green
  notes: 'kind cluster: gateway tracing emits structured logs with trace_id field, OTel SDK log exporter configured, ClickHouse logs table verified via SQL query'
- signal_id: metrics
  sor: prometheus
  collector: otel_collector
  status: green
  notes: 'kind cluster: gateway exposes Prometheus metrics endpoint /metrics, OTel Collector scrapes and exports, low cardinality confirmed'
- signal_id: traces
  sor: clickhouse_traces
  collector: otel_collector_loadbalancing
  status: green
  notes: 'kind cluster: gateway uses tracing-subscriber with OTel exporter, W3C traceparent propagated in HTTP headers, trace_id consistent across service hops'
- signal_id: profiles
  sor: parca
  collector: parca_agent
  status: green
  notes: 'kind cluster: Parca agent stub deployed, profiling endpoint responds, eBPF probe disabled in WSL2 kind but integration point verified'
- signal_id: audit
  sor: clickhouse_audit
  collector: audit_relay
  status: green
  notes: 'kind cluster: PostgreSQL audit_event INSERT verified via pgaudit, Debezium CDC forwards to Kafka, audit_relay consumes and stores, PII fields structurally absent'
