_AUTO_GENERATED: DO NOT EDIT. Generated by tools/lock_yaml_generator/generate_transport_migration.py
total_drills: 3
green_count: 3
status: green
generated_at: '2026-05-22T14:09:33Z'
drills:
- drill_id: grpc_to_connect_bidi_2026q1
  from_adapter: grpc_native
  to_adapter: connect_bidi
  conformance_classes_tested:
  - v1_interactive
  - v1_alert
  drill_result: green
  drilled_at: '2026-05-17T09:00:00Z'
- drill_id: sse_fallback_drill_2026q1
  from_adapter: grpc_native
  to_adapter: sse_paired
  conformance_classes_tested:
  - v1_alert
  - v1_event_feed
  drill_result: green
  drilled_at: '2026-05-17T09:30:00Z'
- drill_id: paired_post_sse_drill_2026q1
  from_adapter: connect_bidi
  to_adapter: paired_post_sse
  conformance_classes_tested:
  - v1_interactive
  - v1_bulk_upload
  drill_result: green
  drilled_at: '2026-05-17T10:00:00Z'
