_AUTO_GENERATED: DO NOT EDIT.
# KEK Shamir 分散適合仕様のロックファイル: 実装状態と検証情報を記録する
spec_id: c02
# クラスタ ID: cross_kek_shamir (KEK Shamir 分散クロスカッティング適合仕様)
cluster_id: cross_kek_shamir
# 強制ステータス: 実装済みであることを示す
enforcement_status: implemented
# 最終検証日時: ISO 8601 形式で記録する
last_verified_at: "2026-05-17T00:00:00Z"
# 検証方法: セレモニースクリプトと閾値テストによる検証
verification_method: ceremony_script_and_threshold_test
# 検証者: Shamir 閾値テストスクリプト
verified_by: shamir_threshold_test.sh
# Shamir パラメータ: M-of-N 設定を記録する
shamir_params:
  # 復元閾値: 3 シェアが揃わないと KEK を復元できない
  threshold_m: 3
  # シェア総数: 合計 5 シェアに分割する
  total_shares_n: 5
# 実装成果物リスト: 実装された成果物を列挙する
artifacts:
  # セレモニースクリプト: M-of-N セレモニー実行スクリプト
  - ceremony/m_of_n_setup.sh
  # 閾値テストスクリプト: Shamir 閾値動作を検証するテスト
  - tests/shamir_threshold_test.sh
# 検証結果: テスト実行結果の概要を記録する
verification_result:
  # M-1 シェア失敗テスト: 閾値未満では復元できないことを確認済み
  m_minus_1_fails: true
  # M シェア成功テスト: 閾値ちょうどで復元できることを確認済み
  m_shares_succeeds: true
