_AUTO_GENERATED: DO NOT EDIT. Generated by tools/lock_yaml_generator/generate_capability_matrix.py
generated_at: '2026-05-22T21:31:44Z'
capability_status: declared
total_classes: 5
cells:
- cell_id: v1_interactive__chrome_edge_direct__connect_bidi_native
  conformance_class: v1_interactive
  ua_subclass: chrome_edge_direct
  adapter: connect_bidi_native
  slo_tier: 30ms_p99
  status: declared
- cell_id: v1_alert__chrome_edge_direct__connect_bidi_native
  conformance_class: v1_alert
  ua_subclass: chrome_edge_direct
  adapter: connect_bidi_native
  slo_tier: 30ms_p99
  status: declared
- cell_id: v1_event_feed__chrome_edge_direct__connect_bidi_native
  conformance_class: v1_event_feed
  ua_subclass: chrome_edge_direct
  adapter: connect_bidi_native
  slo_tier: 30ms_p99
  status: declared
- cell_id: v1_live_snapshot__chrome_edge_direct__connect_bidi_native
  conformance_class: v1_live_snapshot
  ua_subclass: chrome_edge_direct
  adapter: connect_bidi_native
  slo_tier: 30ms_p99
  status: declared
- cell_id: v1_bulk_upload__chrome_edge_direct__connect_bidi_native
  conformance_class: v1_bulk_upload
  ua_subclass: chrome_edge_direct
  adapter: connect_bidi_native
  slo_tier: 30ms_p99
  status: declared
- cell_id: v1_interactive__tauri_native__connect_bidi_native
  conformance_class: v1_interactive
  ua_subclass: tauri_native
  adapter: connect_bidi_native
  slo_tier: 30ms_p99
  status: declared
- cell_id: v1_alert__tauri_native__connect_bidi_native
  conformance_class: v1_alert
  ua_subclass: tauri_native
  adapter: connect_bidi_native
  slo_tier: 30ms_p99
  status: declared
- cell_id: v1_event_feed__tauri_native__connect_bidi_native
  conformance_class: v1_event_feed
  ua_subclass: tauri_native
  adapter: connect_bidi_native
  slo_tier: 30ms_p99
  status: declared
- cell_id: v1_live_snapshot__tauri_native__connect_bidi_native
  conformance_class: v1_live_snapshot
  ua_subclass: tauri_native
  adapter: connect_bidi_native
  slo_tier: 30ms_p99
  status: declared
- cell_id: v1_bulk_upload__tauri_native__connect_bidi_native
  conformance_class: v1_bulk_upload
  ua_subclass: tauri_native
  adapter: connect_bidi_native
  slo_tier: 30ms_p99
  status: declared
- cell_id: v1_interactive__chrome_edge_via_corp_proxy__paired_post_sse
  conformance_class: v1_interactive
  ua_subclass: chrome_edge_via_corp_proxy
  adapter: paired_post_sse
  slo_tier: 80ms_p99
  status: declared
- cell_id: v1_alert__chrome_edge_via_corp_proxy__paired_post_sse
  conformance_class: v1_alert
  ua_subclass: chrome_edge_via_corp_proxy
  adapter: paired_post_sse
  slo_tier: 80ms_p99
  status: declared
- cell_id: v1_event_feed__chrome_edge_via_corp_proxy__paired_post_sse
  conformance_class: v1_event_feed
  ua_subclass: chrome_edge_via_corp_proxy
  adapter: paired_post_sse
  slo_tier: 80ms_p99
  status: declared
- cell_id: v1_live_snapshot__chrome_edge_via_corp_proxy__paired_post_sse
  conformance_class: v1_live_snapshot
  ua_subclass: chrome_edge_via_corp_proxy
  adapter: paired_post_sse
  slo_tier: 80ms_p99
  status: declared
- cell_id: v1_interactive__firefox_safari__paired_post_sse
  conformance_class: v1_interactive
  ua_subclass: firefox_safari
  adapter: paired_post_sse
  slo_tier: 80ms_p99
  status: declared
- cell_id: v1_alert__firefox_safari__paired_post_sse
  conformance_class: v1_alert
  ua_subclass: firefox_safari
  adapter: paired_post_sse
  slo_tier: 80ms_p99
  status: declared
- cell_id: v1_event_feed__firefox_safari__paired_post_sse
  conformance_class: v1_event_feed
  ua_subclass: firefox_safari
  adapter: paired_post_sse
  slo_tier: 80ms_p99
  status: declared
- cell_id: v1_live_snapshot__firefox_safari__paired_post_sse
  conformance_class: v1_live_snapshot
  ua_subclass: firefox_safari
  adapter: paired_post_sse
  slo_tier: 80ms_p99
  status: declared
- cell_id: v1_interactive__dotnet_companion__paired_post_sse
  conformance_class: v1_interactive
  ua_subclass: dotnet_companion
  adapter: paired_post_sse
  slo_tier: 80ms_p99
  status: declared
- cell_id: v1_alert__dotnet_companion__paired_post_sse
  conformance_class: v1_alert
  ua_subclass: dotnet_companion
  adapter: paired_post_sse
  slo_tier: 80ms_p99
  status: declared
- cell_id: v1_event_feed__dotnet_companion__paired_post_sse
  conformance_class: v1_event_feed
  ua_subclass: dotnet_companion
  adapter: paired_post_sse
  slo_tier: 80ms_p99
  status: declared
- cell_id: v1_live_snapshot__dotnet_companion__paired_post_sse
  conformance_class: v1_live_snapshot
  ua_subclass: dotnet_companion
  adapter: paired_post_sse
  slo_tier: 80ms_p99
  status: declared
- cell_id: v1_no_sidecar__chrome_edge_via_corp_proxy__paired_post_sse
  conformance_class: v1_no_sidecar
  ua_subclass: chrome_edge_via_corp_proxy
  adapter: paired_post_sse
  slo_tier: 80ms_p99
  status: declared
- cell_id: v1_no_sidecar__firefox_safari__paired_post_sse
  conformance_class: v1_no_sidecar
  ua_subclass: firefox_safari
  adapter: paired_post_sse
  slo_tier: 80ms_p99
  status: declared
- cell_id: v1_no_sidecar__dotnet_companion__paired_post_sse
  conformance_class: v1_no_sidecar
  ua_subclass: dotnet_companion
  adapter: paired_post_sse
  slo_tier: 80ms_p99
  status: declared
