_AUTO_GENERATED: DO NOT EDIT. Generated by tools/lock_yaml_generator/generate_sdk_inventory.py
generated_at: '2026-05-22T21:31:44Z'
packages:
- class_id: browser_spa
  display_name: Browser SPA
  cosign_signed: 'false'
  grype_high: pending
  slsa_level: L0
  build_provenance_class: declared
- class_id: tauri
  display_name: Tauri Desktop
  cosign_signed: 'false'
  grype_high: pending
  slsa_level: L0
  build_provenance_class: declared
- class_id: dotnet_fw
  display_name: .NET Framework
  cosign_signed: 'false'
  grype_high: pending
  slsa_level: L0
  build_provenance_class: declared
- class_id: full_native
  display_name: Full Native
  cosign_signed: 'false'
  grype_high: pending
  slsa_level: L0
  build_provenance_class: declared
- class_id: thin_api
  display_name: Thin API Client
  cosign_signed: 'false'
  grype_high: pending
  slsa_level: L0
  build_provenance_class: declared
