_AUTO_GENERATED: DO NOT EDIT. Generated by tools/lock_yaml_generator/generate_tier3_capability_matrix.py
# tier3 capability matrix: ua_subclass / ua_offline_subclass 四軸 entry を含む
# src/client/lock/capability_matrix.lock.yaml の tier3 特化投影 + tier3 固有エントリー追加
generated_at: '2026-05-22T00:00:00Z'
capability_status: declared
total_classes: 8
cells:
  # --- ua_subclass: chrome_edge_direct (Connect BidirectionalStreaming ネイティブ) ---
  # Chrome / Edge 直接接続クラス（HTTP/2 + Connect-RPC bidi native）
  - cell_id: v1_interactive__chrome_edge_direct__connect_bidi_native
    conformance_class: v1_interactive
    ua_subclass: chrome_edge_direct
    adapter: connect_bidi_native
    slo_tier: 30ms_p99
    status: declared
  # Chrome / Edge alert クラス
  - cell_id: v1_alert__chrome_edge_direct__connect_bidi_native
    conformance_class: v1_alert
    ua_subclass: chrome_edge_direct
    adapter: connect_bidi_native
    slo_tier: 30ms_p99
    status: declared

  # --- ua_subclass: tauri_native (Tauri companion WebSocket bridge) ---
  # Tauri companion はネイティブ WebSocket bridge 経由で接続する
  - cell_id: v1_interactive__tauri_native__connect_bidi_native
    conformance_class: v1_interactive
    ua_subclass: tauri_native
    adapter: connect_bidi_native
    slo_tier: 30ms_p99
    status: declared
  # Tauri alert クラス
  - cell_id: v1_alert__tauri_native__connect_bidi_native
    conformance_class: v1_alert
    ua_subclass: tauri_native
    adapter: connect_bidi_native
    slo_tier: 30ms_p99
    status: declared

  # --- ua_subclass: chrome_edge_via_corp_proxy (paired POST-SSE) ---
  # 企業プロキシ環境: HTTP/2 が通らないため paired POST-SSE にフォールバックする
  - cell_id: v1_interactive__chrome_edge_via_corp_proxy__paired_post_sse
    conformance_class: v1_interactive
    ua_subclass: chrome_edge_via_corp_proxy
    adapter: paired_post_sse
    slo_tier: 80ms_p99
    status: declared
  # 企業プロキシ alert クラス
  - cell_id: v1_alert__chrome_edge_via_corp_proxy__paired_post_sse
    conformance_class: v1_alert
    ua_subclass: chrome_edge_via_corp_proxy
    adapter: paired_post_sse
    slo_tier: 80ms_p99
    status: declared

  # --- ua_offline_subclass: tauri_offline (offline-first state sync) ---
  # Tauri offline サブクラス: ネットワーク切断時でも optimistic_local / pending_queue を使って操作継続する
  - cell_id: v1_interactive__tauri_offline__local_queue_sync
    conformance_class: v1_interactive
    ua_subclass: tauri_native
    ua_offline_subclass: tauri_offline
    adapter: local_queue_sync
    slo_tier: offline_local_only
    status: declared
    # offline 時は pending_queue に積んでオンライン復帰後に BFF sync を行う
    offline_behavior: queue_and_sync_on_reconnect

  # --- ua_offline_subclass: dotnet_companion_offline (.NET Framework 4.6.2 offline) ---
  # .NET Framework 4.6.2 companion の offline サブクラス
  - cell_id: v1_interactive__dotnet_companion_offline__local_queue_sync
    conformance_class: v1_interactive
    ua_subclass: dotnet_companion
    ua_offline_subclass: dotnet_companion_offline
    adapter: local_queue_sync
    slo_tier: offline_local_only
    status: declared
    # offline 時は pending_queue に積んで reconnect 時に sync する
    offline_behavior: queue_and_sync_on_reconnect
