_AUTO_GENERATED: DO NOT EDIT. Generated by tools/lock_yaml_generator/generate_csp_sri.py
generated_at: '2026-05-22T21:39:11Z'
total_assertions: 3
passed: 3
failed: 0
status: green
assertions:
- id: no_unsafe_inline
  description: CSP に unsafe-inline が含まれないこと
  check_method: static_analysis_of_csp_config
  status: green
  evidence: src/tier3/typescript/spa/src/index.html meta CSP tag / vite.config 設定で unsafe-inline を除外
- id: no_unsafe_eval
  description: CSP に unsafe-eval が含まれないこと
  check_method: static_analysis_of_csp_config
  status: green
  evidence: vite.config + rollup build で eval 不使用を確認
- id: external_sri_required
  description: 外部 CDN リソースに integrity 属性必須
  check_method: html_scan
  status: green
  evidence: 外部 CDN リソース未使用（全アセットを self-host / Vite バンドル）
