_AUTO_GENERATED: DO NOT EDIT. Generated by tools/lock_yaml_generator/generate_design_tokens_contrast.py
generated_at: '2026-05-22T21:31:44Z'
total_checks: 8
passed_checks: 8
violations_count: 0
wcag_aa_status: declared
design_tokens_package_status: ready
token_cells:
- token_id: color.text.primary
  foreground: '#1a1a1a'
  background: '#ffffff'
  required_contrast_ratio: 4.5
  status: declared
- token_id: color.text.secondary
  foreground: '#595959'
  background: '#ffffff'
  required_contrast_ratio: 4.5
  status: declared
- token_id: color.text.error
  foreground: '#c62828'
  background: '#ffffff'
  required_contrast_ratio: 4.5
  status: declared
- token_id: color.text.link
  foreground: '#1565c0'
  background: '#ffffff'
  required_contrast_ratio: 4.5
  status: declared
- token_id: color.button.primary.text
  foreground: '#ffffff'
  background: '#1565c0'
  required_contrast_ratio: 4.5
  status: declared
