_AUTO_GENERATED: DO NOT EDIT. Generated by tools/lock_yaml_generator/generate_notifications_property.py
generated_at: '2026-05-22T12:34:35Z'
total_checks: 5
passed_checks: 5
violations_count: 0
property_status: declared
notifications_package_status: ready
property_cells:
- property_id: idempotency
  description: '同一 idempotency_key の通知を複数回受け取っても重複配信数 = 0 件であること（spec: duplicate_delivery_count == 0 for any idempotency_key）'
  assertion: 'for all (notification, idempotency_key): deliver_count(notification, idempotency_key) <= 1'
  status: declared
  spec_ref: docs/04_詳細設計/01_適合仕様/11_クライアント状態適合仕様.md §idempotency
- property_id: ordering
  description: '通知は enqueue 順序（FIFO）で配信されること（spec: deliver_order == enqueue_order for any notification sequence）'
  assertion: 'for all (seq: notification[]): deliver_order(seq) == enqueue_order(seq)'
  status: declared
  spec_ref: docs/04_詳細設計/01_適合仕様/11_クライアント状態適合仕様.md §ordering
