_AUTO_GENERATED: DO NOT EDIT. Generated by tools/lock_yaml_generator/generate_otel_semconv.py
generated_at: '2026-05-22T11:14:21Z'
namespace: tier3_ext
version: 1.0.0
attribute_count: 7
all_evidence_exists: true
status: green
evidence:
- path: src/tier3/typescript/spa/src/observability/
  description: OTel Browser SDK instrumentation setup
  exists: true
- path: src/tier3/typescript/packages/realtime/src/transport.ts
  description: WebSocket/SSE transport with OTel tracing
  exists: true
- path: src/tier3/dx/perses/dashboard.yaml
  description: Perses dashboard using tier3_ext metrics
  exists: true
