_AUTO_GENERATED: DO NOT EDIT. Generated by tools/lock_yaml_generator/generate_tier3_sdk_conformance.py
# tier3 SDK conformance 結果
# ConnectClient / ConnectProtocol / ConformanceSuite の conformance テスト結果を記録する
generated_at: '2026-05-22T00:00:00Z'
conformance_status: declared
total_scenarios: 10
scenarios:
  # T3-R2-CONF-01: Unary RPC 基本シナリオ
  - scenario_id: unary_basic
    rpc_form: Unary
    description: 'Unary RPC の基本シナリオ: 5 byte framing encode/decode 検証'
    result: declared
    evidence: tests/ConformanceTest.cs::EncodeFrame_NormalFlags_Has5ByteHeader

  # T3-R2-CONF-02: Unary RPC デコード検証
  - scenario_id: unary_decode
    rpc_form: Unary
    description: 'Unary RPC デコードシナリオ: ReadFrameAsync でペイロード復元検証'
    result: declared
    evidence: tests/ConformanceTest.cs::DecodeFrame_EncodedFrame_RestoresPayload

  # T3-R2-CONF-03: end-stream フラグ検証
  - scenario_id: end_stream_flag
    rpc_form: ServerStreaming
    description: 'end-stream フラグシナリオ: IsEndStream プロパティで終端判定'
    result: declared
    evidence: tests/ConformanceTest.cs::ReadFrame_EndStreamFlag_IsEndStreamTrue

  # T3-R2-CONF-04: 圧縮フラグ検証
  - scenario_id: compressed_flag
    rpc_form: Unary
    description: '圧縮フラグシナリオ: IsCompressed プロパティで圧縮判定'
    result: declared
    evidence: tests/ConformanceTest.cs::ReadFrame_CompressedFlag_IsCompressedTrue

  # T3-R2-CONF-05: ストリーム終端検証
  - scenario_id: stream_eof
    rpc_form: Unary
    description: 'ストリーム終端シナリオ: 空ストリームで null が返る'
    result: declared
    evidence: tests/ConformanceTest.cs::ReadFrame_EmptyStream_ReturnsNull

  # T3-R2-CONF-06: ConformanceSuite シナリオ数検証
  - scenario_id: suite_count
    rpc_form: Unary
    description: 'ConformanceSuite 全シナリオ件数が 10 件以上であること'
    result: declared
    evidence: tests/ConformanceTest.cs::ConformanceSuite_AllScenarios_HasExpectedCount

  # T3-R2-CONF-07: 4 RPC form 網羅検証
  - scenario_id: all_four_forms
    rpc_form: BidiStreaming
    description: '4 RPC form (Unary/ServerStreaming/ClientStreaming/BidiStreaming) が全て存在すること'
    result: declared
    evidence: tests/ConformanceTest.cs::ConformanceSuite_AllScenarios_ContainsAll4RpcForms

  # T3-R2-CONF-08: ServerStreaming end-stream シナリオ
  - scenario_id: server_streaming_empty
    rpc_form: ServerStreaming
    description: 'ServerStreaming 空ストリームシナリオ: end-stream のみで終了する'
    result: declared
    evidence: src/ConformanceSuite.cs::server_streaming_empty

  # T3-R2-CONF-09: ClientStreaming 単一フレームシナリオ
  - scenario_id: client_streaming_single_frame
    rpc_form: ClientStreaming
    description: 'ClientStreaming 単一フレームシナリオ: 1 フレーム送信で単一レスポンス受信'
    result: declared
    evidence: src/ConformanceSuite.cs::client_streaming_single_frame

  # T3-R2-CONF-10: BidiStreaming キャンセルシナリオ
  - scenario_id: bidi_cancel
    rpc_form: BidiStreaming
    description: 'BidiStreaming キャンセルシナリオ: CancellationToken でストリーム中断'
    result: declared
    evidence: src/ConformanceSuite.cs::bidi_cancel
