_AUTO_GENERATED: DO NOT EDIT. Generated by tools/lock_yaml_generator/generate_test_matrix.py
generated_at: '2026-05-18T12:38:48Z'
total_scenarios: 8
scenarios:
- scenario_id: s01_order_approval_st_advance
  status: declared
- scenario_id: s02_factory_offline_5_items_pq_resume
  status: declared
- scenario_id: s03_25h_offline_idempotency_ttl
  status: declared
- scenario_id: s04_parallel_edit_stale_write_rebase
  status: declared
- scenario_id: s05_parallel_edit_lost_update_3way_merge
  status: declared
- scenario_id: s06_same_actor_supersede_silent
  status: declared
- scenario_id: s07_concurrent_edit_presence_conflict
  status: declared
- scenario_id: s08_logout_full_purge_audit_emit
  status: declared
