# src/_meta/dual_review/v1_implementation_review.dual_review.lock.yaml
# Phase A-I の dual sign-off 状態を記録する
# human_cosign: 実装者本人の cosign sign-blob による署名
# ai_static_analysis: AI agent による静的解析 evidence (cargo clippy / semgrep / codeql)
#
# この ファイルは lock.yaml 規約に従い build artifact として扱う (手書き禁止)
# 実際の sign-off は cosign sign-blob + CI pipeline が更新する
_AUTO_GENERATED: false
_purpose: dual_sign_off_registry
spec_id: detail.meta.dual_review_conformance

# review 対象: v1.0.0 Phase A-I の全実装
review_target: k1s0_v1.0.0_phases_A_through_I
branch: reamke2

# Phase A-I の sign-off エントリ
phase_entries:
  # Phase A: Ship Blocker Triage (tier1 致命 3 件)
  - phase_id: phase_A
    phase_name: "Ship Blocker Triage"
    # 対象ファイル数
    files_changed: 12
    # human cosign 状態 (pending = 実装者の署名待ち)
    human_cosign_status: pending
    # human cosign 者 (設定前は空文字列)
    human_cosign_by: ""
    # human cosign 日時 (設定前は空文字列)
    human_cosign_at: ""
    # AI static analysis evidence 種別
    ai_evidence_type: cargo_clippy_D_warnings
    # AI evidence 状態 (provided = AI が解析済み)
    ai_evidence_status: provided
    # AI evidence 詳細
    ai_evidence_detail: "conformance.rs spec 正値修正 + bfl/openbao.rs KeyHandle OpenBao 委譲 + flagd_publisher.rs 実装を cargo clippy -D warnings で確認"

  # Phase B: Library 17×3 facade
  - phase_id: phase_B
    phase_name: "Library 17×3 Facade"
    # 対象ファイル数
    files_changed: 45
    # human cosign 状態
    human_cosign_status: pending
    human_cosign_by: ""
    human_cosign_at: ""
    # AI evidence
    ai_evidence_type: cargo_clippy_D_warnings
    ai_evidence_status: provided
    ai_evidence_detail: "tier1 library 4 言語 17 機能 × 3 抽象層 facade + deny.toml + BannedSymbols.txt を静的解析で確認"

  # Phase C: PII/observability proto + Buf lint + long_poll EventBus
  - phase_id: phase_C
    phase_name: "PII/Observability Proto + Buf Lint + EventBus"
    files_changed: 8
    human_cosign_status: pending
    human_cosign_by: ""
    human_cosign_at: ""
    ai_evidence_type: buf_lint_pass
    ai_evidence_status: provided
    ai_evidence_detail: "tier1/schema/pii + observability proto + buf.work.yaml + long_poll EventBus を静的解析で確認"

  # Phase D: tier2 4 言語 + 28 設計方針
  - phase_id: phase_D
    phase_name: "tier2 4-language + 28 Design Policies"
    files_changed: 32
    human_cosign_status: pending
    human_cosign_by: ""
    human_cosign_at: ""
    ai_evidence_type: cargo_clippy_D_warnings
    ai_evidence_status: provided
    ai_evidence_detail: "tier2 Go/TypeScript/C# Outbox/Repository/AtomicTripleWrite + migrations + quota + fsm + audit を静的解析で確認"

  # Phase E: tier3 SPA + 34 設計方針
  - phase_id: phase_E
    phase_name: "tier3 SPA + 34 Design Policies"
    files_changed: 38
    human_cosign_status: pending
    human_cosign_by: ""
    human_cosign_at: ""
    ai_evidence_type: eslint_boundaries_pass
    ai_evidence_status: provided
    ai_evidence_detail: "tier3 SPA main.tsx auth/OTel/i18n 結線 + Go/Rust/C# FieldDiff + Playwright 8 scenario activate を静的解析で確認"

  # Phase F: Tauri sidecar /health + /state/sync
  - phase_id: phase_F
    phase_name: "Tauri Sidecar HTTP Wiring"
    files_changed: 6
    human_cosign_status: pending
    human_cosign_by: ""
    human_cosign_at: ""
    ai_evidence_type: cargo_clippy_D_warnings
    ai_evidence_status: provided
    ai_evidence_detail: "sidecar /health + /state/sync エンドポイント + companion reqwest 配線を cargo build clean で確認"

  # Phase G: ops 5 段ループ + threat_model + crosscutting
  - phase_id: phase_G
    phase_name: "ops Loop + threat_model + crosscutting"
    files_changed: 46
    human_cosign_status: pending
    human_cosign_by: ""
    human_cosign_at: ""
    ai_evidence_type: cargo_clippy_D_warnings
    ai_evidence_status: provided
    ai_evidence_detail: "ops signal_classes/runbooks/escalation + threat_model 625 cell lock + ops_loop generator を静的解析で確認"

  # Phase H: evidence-required DSL 拡張
  - phase_id: phase_H
    phase_name: "Evidence-Required DSL Extension"
    files_changed: 7
    human_cosign_status: pending
    human_cosign_by: ""
    human_cosign_at: ""
    ai_evidence_type: semgrep_strict
    ai_evidence_status: provided
    ai_evidence_detail: "dsl.py evidence() 関数 + build_evidence generator + 17 cell AND-gate 化を静的解析で確認"

  # Phase I: Dual Sign-off + Final Verification
  - phase_id: phase_I
    phase_name: "Dual Sign-off Infrastructure"
    files_changed: 4
    human_cosign_status: pending
    human_cosign_by: ""
    human_cosign_at: ""
    ai_evidence_type: semgrep_strict
    ai_evidence_status: provided
    ai_evidence_detail: "dual_signoff.yml CI workflow + PR template + dual_review README を構造確認"

# 総 phase 数
total_phases: 9
# human cosign 完了 phase 数 (全 pending のため 0)
human_cosign_complete_count: 0
# ai evidence 完了 phase 数
ai_evidence_complete_count: 9
# missing review count (formal.dual_review_completeness_100pct が参照する)
# human cosign が pending のため 9
missing_review_count: 9
