_AUTO_GENERATED: DO NOT EDIT. Generated by tools/lock_yaml_generator/generate_clock_integrity.py
total_classes: 5
generated_at: '2026-05-18T15:16:21Z'
classes:
- class_id: v1_intra_rack_ptp
  class_name: v1_intra_rack_ptp
  drill_state: green
- class_id: v1_dc_chrony_stratum1
  class_name: v1_dc_chrony_stratum1
  drill_state: green
- class_id: v1_multi_region_ntp
  class_name: v1_multi_region_ntp
  drill_state: green
- class_id: v1_legacy_skew_tolerant
  class_name: v1_legacy_skew_tolerant
  drill_state: green
- class_id: v1_air_gapped_legacy
  class_name: v1_air_gapped_legacy
  drill_state: green
