_AUTO_GENERATED: DO NOT EDIT. Generated by tools/lock_yaml_generator/generate_failover_drill.py
total_drills: 5
generated_at: '2026-05-21T21:58:39Z'
drills:
- drill_id: failover__v1_single_zone
  topology_class: v1_single_zone
  drill_state: pending
- drill_id: failover__v1_multi_zone_per_cluster
  topology_class: v1_multi_zone_per_cluster
  drill_state: pending
- drill_id: failover__v1_active_passive_dr
  topology_class: v1_active_passive_dr
  drill_state: pending
- drill_id: failover__v1_multi_region_active_passive
  topology_class: v1_multi_region_active_passive
  drill_state: pending
- drill_id: failover__v1_multi_region_active_active
  topology_class: v1_multi_region_active_active
  drill_state: pending
