_AUTO_GENERATED: DO NOT EDIT. Generated by tools/lock_yaml_generator/generate_assumption.py
cap_slot_max: 20
total_count: 1
generated_at: '2026-05-21T10:01:52Z'
entries:
- assumption_id: bidi_web_transport_unavailable_v1_assumption
  description: 'v1 opt-in (spec: 01_Bidi適合仕様 §requires_fallback: true): WebTransport (QUIC/HTTP3) adapter は v1 ship 許可、fallback chain (paired_post_sse / sse_paired) が物理 enforce される。quinn 実装は v1.1+ に留保。'
  status: accepted
  axis_name: tier1_bidi
