_AUTO_GENERATED: DO NOT EDIT. Generated by tools/lock_yaml_generator/generate_assumption.py
cap_slot_max: 20
total_count: 1
generated_at: '2026-05-21T12:14:10Z'
entries:
- assumption_id: profiles_ebpf_wsl2_unavailable_assumption
  description: WSL2 dev 環境では eBPF probe 不可。signals.lock.yaml profiles は accepted_with_assumption。年次 linux bare-metal drill を ops_loop で代替検証。non-WSL2 drill schedule は ops_loop.lock.yaml に記録。
  status: accepted
  axis_name: tier1_observability
