_AUTO_GENERATED: DO NOT EDIT. Generated by tools/lock_yaml_generator/generate_proof_review.py
verified_obligations_count: 39
missing_review_count: 0
generated_at: '2026-05-22T11:14:20Z'
reviews:
- obligation_id: tier1_bidi_handshake_safety
  axis_name: tier1
  has_dual_review: true
  review_file: tier1_bidi_handshake.dual_review.lock.yaml
- obligation_id: data_atomic_three_table_write
  axis_name: data
  has_dual_review: true
  review_file: data_atomic_three_table_write.dual_review.lock.yaml
- obligation_id: tier1_correctness_001
  axis_name: tier1
  has_dual_review: true
  review_file: tier1_correctness_001.dual_review.lock.yaml
- obligation_id: tier1_modelcheck_003
  axis_name: tier1
  has_dual_review: true
  review_file: tier1_modelcheck_003.dual_review.lock.yaml
- obligation_id: tier2_correctness_006
  axis_name: tier2
  has_dual_review: true
  review_file: tier2_correctness_006.dual_review.lock.yaml
- obligation_id: tier2_modelcheck_008
  axis_name: tier2
  has_dual_review: true
  review_file: tier2_modelcheck_008.dual_review.lock.yaml
- obligation_id: tier3_correctness_011
  axis_name: tier3
  has_dual_review: true
  review_file: tier3_correctness_011.dual_review.lock.yaml
- obligation_id: tier3_modelcheck_013
  axis_name: tier3
  has_dual_review: true
  review_file: tier3_modelcheck_013.dual_review.lock.yaml
- obligation_id: infra_correctness_016
  axis_name: infra
  has_dual_review: true
  review_file: infra_correctness_016.dual_review.lock.yaml
- obligation_id: infra_modelcheck_018
  axis_name: infra
  has_dual_review: true
  review_file: infra_modelcheck_018.dual_review.lock.yaml
- obligation_id: data_modelcheck_022
  axis_name: data
  has_dual_review: true
  review_file: data_modelcheck_022.dual_review.lock.yaml
- obligation_id: security_correctness_025
  axis_name: security
  has_dual_review: true
  review_file: security_correctness_025.dual_review.lock.yaml
- obligation_id: security_modelcheck_027
  axis_name: security
  has_dual_review: true
  review_file: security_modelcheck_027.dual_review.lock.yaml
- obligation_id: ops_correctness_030
  axis_name: ops
  has_dual_review: true
  review_file: ops_correctness_030.dual_review.lock.yaml
- obligation_id: ops_modelcheck_032
  axis_name: ops
  has_dual_review: true
  review_file: ops_modelcheck_032.dual_review.lock.yaml
- obligation_id: client_correctness_035
  axis_name: client
  has_dual_review: true
  review_file: client_correctness_035.dual_review.lock.yaml
- obligation_id: client_modelcheck_037
  axis_name: client
  has_dual_review: true
  review_file: client_modelcheck_037.dual_review.lock.yaml
- obligation_id: test_correctness_040
  axis_name: test
  has_dual_review: true
  review_file: test_correctness_040.dual_review.lock.yaml
- obligation_id: test_modelcheck_042
  axis_name: test
  has_dual_review: true
  review_file: test_modelcheck_042.dual_review.lock.yaml
- obligation_id: formal_correctness_045
  axis_name: formal
  has_dual_review: true
  review_file: formal_correctness_045.dual_review.lock.yaml
- obligation_id: formal_modelcheck_047
  axis_name: formal
  has_dual_review: true
  review_file: formal_modelcheck_047.dual_review.lock.yaml
- obligation_id: cross_http2_correctness_050
  axis_name: cross_http2
  has_dual_review: true
  review_file: cross_http2_correctness_050.dual_review.lock.yaml
- obligation_id: cross_http2_modelcheck_052
  axis_name: cross_http2
  has_dual_review: true
  review_file: cross_http2_modelcheck_052.dual_review.lock.yaml
- obligation_id: cross_kek_correctness_055
  axis_name: cross_kek
  has_dual_review: true
  review_file: cross_kek_correctness_055.dual_review.lock.yaml
- obligation_id: cross_kek_modelcheck_057
  axis_name: cross_kek
  has_dual_review: true
  review_file: cross_kek_modelcheck_057.dual_review.lock.yaml
- obligation_id: cross_schema_correctness_060
  axis_name: cross_schema
  has_dual_review: true
  review_file: cross_schema_correctness_060.dual_review.lock.yaml
- obligation_id: cross_schema_modelcheck_062
  axis_name: cross_schema
  has_dual_review: true
  review_file: cross_schema_modelcheck_062.dual_review.lock.yaml
- obligation_id: cross_fsm_correctness_065
  axis_name: cross_fsm
  has_dual_review: true
  review_file: cross_fsm_correctness_065.dual_review.lock.yaml
- obligation_id: cross_fsm_modelcheck_067
  axis_name: cross_fsm
  has_dual_review: true
  review_file: cross_fsm_modelcheck_067.dual_review.lock.yaml
- obligation_id: cross_slo_correctness_070
  axis_name: cross_slo
  has_dual_review: true
  review_file: cross_slo_correctness_070.dual_review.lock.yaml
- obligation_id: cross_slo_modelcheck_072
  axis_name: cross_slo
  has_dual_review: true
  review_file: cross_slo_modelcheck_072.dual_review.lock.yaml
- obligation_id: cross_bff_correctness_075
  axis_name: cross_bff
  has_dual_review: true
  review_file: cross_bff_correctness_075.dual_review.lock.yaml
- obligation_id: cross_bff_modelcheck_077
  axis_name: cross_bff
  has_dual_review: true
  review_file: cross_bff_modelcheck_077.dual_review.lock.yaml
- obligation_id: cross_pii_correctness_080
  axis_name: cross_pii
  has_dual_review: true
  review_file: cross_pii_correctness_080.dual_review.lock.yaml
- obligation_id: cross_pii_modelcheck_082
  axis_name: cross_pii
  has_dual_review: true
  review_file: cross_pii_modelcheck_082.dual_review.lock.yaml
- obligation_id: cross_edge_correctness_085
  axis_name: cross_edge
  has_dual_review: true
  review_file: cross_edge_correctness_085.dual_review.lock.yaml
- obligation_id: cross_edge_modelcheck_087
  axis_name: cross_edge
  has_dual_review: true
  review_file: cross_edge_modelcheck_087.dual_review.lock.yaml
- obligation_id: meta_correctness_090
  axis_name: meta
  has_dual_review: true
  review_file: meta_correctness_090.dual_review.lock.yaml
- obligation_id: meta_modelcheck_092
  axis_name: meta
  has_dual_review: true
  review_file: meta_modelcheck_092.dual_review.lock.yaml
