_AUTO_GENERATED: DO NOT EDIT. Generated by tools/lock_yaml_generator/generate_preservation_substrates.py
total_classes: 5
total_substrates: 0
generated_at: '2026-05-19T15:56:53Z'
classes:
- class_id: v1_local_only
  class_name: v1_local_only
  drill_state: green
- class_id: v1_zone_redundant
  class_name: v1_zone_redundant
  drill_state: green
- class_id: v1_cross_region
  class_name: v1_cross_region
  drill_state: green
- class_id: v1_cross_region_with_archive
  class_name: v1_cross_region_with_archive
  drill_state: green
- class_id: v1_global_replicated
  class_name: v1_global_replicated
  drill_state: green
substrates: []
