_AUTO_GENERATED: DO NOT EDIT. Generated by tools/lock_yaml_generator/generate_restore_drill.py
total_drills: 5
generated_at: '2026-05-17T09:20:00Z'
drills:
- drill_id: restore__v1_local_only
  preservation_class: v1_local_only
  drill_state: green
  pitr_target_timestamp: '2026-05-17T00:00:00Z'
  last_drill_at: '2026-05-17T09:20:00Z'
  drill_result: pitr_restore_data_integrity_verified
- drill_id: restore__v1_zone_redundant
  preservation_class: v1_zone_redundant
  drill_state: green
  pitr_target_timestamp: '2026-05-17T00:00:00Z'
  last_drill_at: '2026-05-17T09:20:00Z'
  drill_result: pitr_restore_data_integrity_verified
- drill_id: restore__v1_cross_region
  preservation_class: v1_cross_region
  drill_state: green
  pitr_target_timestamp: '2026-05-17T00:00:00Z'
  last_drill_at: '2026-05-17T09:20:00Z'
  drill_result: pitr_restore_data_integrity_verified
- drill_id: restore__v1_cross_region_with_archive
  preservation_class: v1_cross_region_with_archive
  drill_state: green
  pitr_target_timestamp: '2026-05-17T00:00:00Z'
  last_drill_at: '2026-05-17T09:20:00Z'
  drill_result: pitr_restore_data_integrity_verified
- drill_id: restore__v1_global_replicated
  preservation_class: v1_global_replicated
  drill_state: green
  pitr_target_timestamp: '2026-05-17T00:00:00Z'
  last_drill_at: '2026-05-17T09:20:00Z'
  drill_result: pitr_restore_data_integrity_verified
