Microsoft Visual Studio Solution File, Format Version 12.00
# k1s0 .NET SDK Solution
# docs 正典: docs/05_実装/10_ビルド設計/40_dotnet_sln境界/01_dotnet_sln境界.md
# 構成: K1s0.Sdk.Proto（生成 stub）+ K1s0.Sdk.Grpc（高水準 facade）の 2 csproj
Project("{FAE04EC0-301F-11D3-BF4B-00C04F79EFBC}") = "K1s0.Sdk.Proto", "src\K1s0.Sdk.Proto\K1s0.Sdk.Proto.csproj", "{8F3DBC65-3F1B-4F9D-8C5C-1E5E5F5E5F5E}"
EndProject
Project("{FAE04EC0-301F-11D3-BF4B-00C04F79EFBC}") = "K1s0.Sdk.Grpc", "src\K1s0.Sdk.Grpc\K1s0.Sdk.Grpc.csproj", "{1A2B3C4D-5E6F-7890-ABCD-EF0123456789}"
EndProject
Global
	GlobalSection(SolutionConfigurationPlatforms) = preSolution
		Debug|Any CPU = Debug|Any CPU
		Release|Any CPU = Release|Any CPU
	EndGlobalSection
	GlobalSection(ProjectConfigurationPlatforms) = postSolution
		{8F3DBC65-3F1B-4F9D-8C5C-1E5E5F5E5F5E}.Debug|Any CPU.ActiveCfg = Debug|Any CPU
		{8F3DBC65-3F1B-4F9D-8C5C-1E5E5F5E5F5E}.Debug|Any CPU.Build.0 = Debug|Any CPU
		{8F3DBC65-3F1B-4F9D-8C5C-1E5E5F5E5F5E}.Release|Any CPU.ActiveCfg = Release|Any CPU
		{8F3DBC65-3F1B-4F9D-8C5C-1E5E5F5E5F5E}.Release|Any CPU.Build.0 = Release|Any CPU
		{1A2B3C4D-5E6F-7890-ABCD-EF0123456789}.Debug|Any CPU.ActiveCfg = Debug|Any CPU
		{1A2B3C4D-5E6F-7890-ABCD-EF0123456789}.Debug|Any CPU.Build.0 = Debug|Any CPU
		{1A2B3C4D-5E6F-7890-ABCD-EF0123456789}.Release|Any CPU.ActiveCfg = Release|Any CPU
		{1A2B3C4D-5E6F-7890-ABCD-EF0123456789}.Release|Any CPU.Build.0 = Release|Any CPU
	EndGlobalSection
	GlobalSection(SolutionProperties) = preSolution
		HideSolutionNode = FALSE
	EndGlobalSection
EndGlobal
