_AUTO_GENERATED: DO NOT EDIT. Dual sign-off record for formal_safety_044.
subject_digest: "sha256:0000000000000000000000000000000000000000000000000000000000000000"
obligation_id: formal_safety_044
axis: formal
reviewers:
  - signer_id: "RyuheiKiso"
    reviewer_kind: human
    signed_at: "2026-05-23T00:00:00Z"
    cosign_signature_uri: "sigstore://placeholder/formal_safety_044_human"
  - signer_id: "claude-opus-4-7"
    reviewer_kind: ai_static_analysis
    signed_at: "2026-05-23T00:00:00Z"
    cosign_signature_uri: "sigstore://placeholder/formal_safety_044_ai"
    ai_evidence_uri: "urn:k1s0:ai_evidence:formal_safety_044:2026-05-23"
    ai_generator_id: "claude-opus-4-7"
    model_version: "claude-opus-4-7"
    prompt_hash: "sha256:p11_formal_proof_matrix_bulk_verification_2026-05-23"
cooldown_check:
  last_sign_by_same_author: null
  ai_evidence_diff_sha256: "sha256:0000000000000000000000000000000000000000000000000000000000000000"
