_AUTO_GENERATED: DO NOT EDIT. Generated by tools/lock_yaml_generator/generate_api_neutrality.py
generated_at: '2026-05-22T21:25:19Z'
neutrality_status: green
baseline_languages:
- rust
- go
- csharp
- typescript
api_snapshot_dir_exists: true
forbidden_terms_exists: true
rust_lint_exists: true
go_lint_exists: true
csharp_lint_exists: true
ts_lint_exists: true
