_AUTO_GENERATED: DO NOT EDIT. Generated by tools/lock_yaml_generator/generate_tier2_enforcement_points.py
generated_at: '2026-05-22T14:09:33Z'
source_input: src/tier2/quota/enforcement_points.yaml
total_enforcement_points: 5
enforcement_points:
- id: envoy_local_rate_limit
  layer: ingress
  quota_class: v1_per_tenant_qps
  description: Envoy Gateway Local Rate Limit filter による per-tenant QPS 制限（tenant_id を JWT claim から抽出）
  status: green
- id: library_token_bucket
  layer: client_sdk_in_process
  quota_class: v1_per_tenant_concurrency
  description: Library 内 token bucket semaphore による per-tenant 同時実行上限（Workflow / long-poll 含む）
  status: green
- id: oss_native_quota
  layer: oss_native
  quota_class: v1_per_tenant_compute
  description: Temporal namespace quota / KEDA ScaledObject per-tenant scope / pgvector workload group / Superset row limit による CPU/GPU/Memory 制限
  status: green
- id: storage_layer_quota
  layer: storage
  quota_class: v1_per_tenant_volume
  description: Rook+Ceph namespace/pool quota / CloudNativePG tablespace metering / ClickHouse retention TTL による per-tenant ストレージ制限
  status: green
- id: broker_layer
  layer: broker
  quota_class: v1_global_fair_queue
  description: Kafka per-tenant topic quota / Istio destination rule outlier detection による global I/O fairness 強制
  status: green
