_AUTO_GENERATED: DO NOT EDIT. Generated by tools/lock_yaml_generator/generate_forbidden_call.py
# tier2 forbidigo 禁止呼び出し宣言 — Go golangci-lint forbidigo ルール定義
# docs/04_詳細設計/02_強制機構/02_tier2強制機構.md §forbidden_call_enforcement に準拠する
# FSM state struct を reflect.New / unsafe.Pointer 経由で構築することを禁止する
# 理由: typestate パターン（go_typestate.go）は compile-time 型安全に依存するため
#        runtime reflection / unsafe pointer による state struct 生成は FSM 不変条件を破る

generated_at: '2026-05-22T11:14:20Z'

# 禁止呼び出し宣言のバージョン（セマンティックバージョニング）
spec_version: "1.0.0"

# 対象言語（golangci-lint forbidigo は Go 専用のため Go のみ対象とする）
target_language: go

# golangci-lint forbidigo 設定ファイルの参照先
lint_config_ref: src/tier2/fsm/go/.golangci.yml

# 禁止呼び出しエントリのリスト
forbidden_calls:

  # reflect.New: 型情報から FSM state struct を動的生成することを禁止する
  - id: fc_reflect_new_fsm_state
    # golangci-lint forbidigo パターン（正規表現: reflect\.New を禁止する）
    pattern: "reflect\\.New"
    # 禁止理由（human-readable メッセージ）
    reason: >
      reflect.New を使って FSM state struct を動的生成することを禁止する。
      tier2 FSM typestate パターン（go_typestate.go）は compile-time 型安全に依存する。
      reflect.New による runtime state struct 生成は FSM 遷移グラフの不変条件を破る可能性がある。
    # 違反した場合の参照先（代替実装の方法を示す）
    alternative: "FSM state struct は直接の struct literal またはコンストラクタ関数で生成すること（src/tier2/fsm/go_typestate.go の pattern に従う）"
    # 違反が CI fail になるかどうか（true = CI fail 対象）
    ci_fail: true
    # 適用対象パス（tier2 の FSM 関連コードのみ対象とする）
    applicable_paths:
      - "src/tier2/fsm/"
      - "src/tier2/pack/"

  # unsafe.Pointer: unsafe パッケージ経由の FSM state struct 操作を禁止する
  - id: fc_unsafe_pointer_fsm_state
    # golangci-lint forbidigo パターン（正規表現: unsafe\.Pointer を禁止する）
    pattern: "unsafe\\.Pointer"
    # 禁止理由（human-readable メッセージ）
    reason: >
      unsafe.Pointer を使って FSM state struct にアクセスすることを禁止する。
      unsafe.Pointer 経由のメモリ操作は FSM typestate の compile-time 安全保証を無効化する。
      FSM 遷移の整合性はコンパイラが保証する必要があり、unsafe による bypass は許容しない。
    # 違反した場合の参照先（代替実装の方法を示す）
    alternative: "FSM state は型安全な遷移関数（transition function）を使って変更すること（src/tier2/fsm/go_typestate.go の transition pattern に従う）"
    # 違反が CI fail になるかどうか（true = CI fail 対象）
    ci_fail: true
    # 適用対象パス（tier2 の FSM 関連コードのみ対象とする）
    applicable_paths:
      - "src/tier2/fsm/"
      - "src/tier2/pack/"

  # reflect.ValueOf + Elem + Set: reflect 経由のフィールド書き換えを禁止する
  - id: fc_reflect_value_set_fsm_state
    # golangci-lint forbidigo パターン（正規表現: reflect\.ValueOf を禁止する）
    pattern: "reflect\\.ValueOf"
    # 禁止理由（human-readable メッセージ）
    reason: >
      reflect.ValueOf を使って FSM state struct のフィールドを動的に書き換えることを禁止する。
      FSM 遷移はコンパイラが静的に検証する typestate 遷移関数のみを経由しなければならない。
      reflect.ValueOf → Elem() → FieldByName() → Set() のパターンは FSM 不変条件を破る。
    # 違反した場合の参照先（代替実装の方法を示す）
    alternative: "FSM state のフィールド操作は型安全なアクセサ関数を使うこと（src/tier2/fsm/go_typestate.go の accessor pattern に従う）"
    # 違反が CI fail になるかどうか（true = CI fail 対象）
    ci_fail: true
    # 適用対象パス（tier2 の FSM 関連コードのみ対象とする）
    applicable_paths:
      - "src/tier2/fsm/"
      - "src/tier2/pack/"

# 禁止呼び出しの合計件数（generator が自動検証する）
total_forbidden_calls: 3

# 禁止呼び出し lint の全体ステータス
status: green
