_AUTO_GENERATED: DO NOT EDIT. Generated by tools/lock_yaml_generator/generate_fsm.py
spec_ref: docs/04_詳細設計/01_適合仕様/13_状態遷移パターン適合仕様.md
generated_at: '2026-05-22T21:25:19Z'
typestate_files:
  rust: src/tier2/fsm/rust_phantom.rs
  go: src/tier2/fsm/go_typestate.go
  csharp: src/tier2/fsm/csharp_sealed_record.cs
  typescript: src/tier2/fsm/typescript_branded.ts
typestate_files_all_exist: true
state_machines:
- id: OrderStatus
  initial_state: Draft
  states:
  - Draft
  - Submitted
  - Processing
  - Completed
  - Cancelled
  total_states: 5
  transitions:
  - from: Draft
    to: Submitted
    event: Submit
  - from: Draft
    to: Cancelled
    event: Cancel
  - from: Submitted
    to: Processing
    event: StartProcessing
  - from: Submitted
    to: Cancelled
    event: Cancel
  - from: Processing
    to: Completed
    event: Complete
  - from: Processing
    to: Cancelled
    event: Cancel
  total_transitions: 6
- id: BatchStatus
  initial_state: Registered
  states:
  - Registered
  - Running
  - Paused
  - Succeeded
  - Failed
  total_states: 5
  transitions:
  - from: Registered
    to: Running
    event: Start
  - from: Running
    to: Paused
    event: Pause
  - from: Paused
    to: Running
    event: Resume
  - from: Running
    to: Succeeded
    event: Succeed
  - from: Running
    to: Failed
    event: Fail
  - from: Paused
    to: Failed
    event: Fail
  total_transitions: 6
total_state_machines: 2
