_AUTO_GENERATED: DO NOT EDIT. Generated by tools/lock_yaml_generator/generate_migration.py
total_classes: 4
total_migrations: 7
generated_at: '2026-05-22T21:25:19Z'
classes:
- class_id: tenant_scoped
  rls_enabled: 'true'
  audit_required: 'true'
  outbox_required: 'true'
  pgaudit_required: 'false'
  tenant_id_required: true
  allowed_purpose:
  - business_op
  - export
  - migration
  purpose_check: false
  description: 業務 entity / aggregate / Read Model
- class_id: tenant_master
  rls_enabled: 'true'
  audit_required: 'true'
  outbox_required: 'false'
  pgaudit_required: 'true'
  tenant_id_required: true
  allowed_purpose:
  - business_op
  - migration
  purpose_check: false
  description: テナント所有マスタ（通貨レート・製品カタログ等）
- class_id: platform_global
  rls_enabled: 'false'
  audit_required: 'true'
  outbox_required: 'true'
  pgaudit_required: 'false'
  tenant_id_required: false
  allowed_purpose:
  - export
  - migration
  - emergency
  purpose_check: false
  description: 通貨 / 国 / 業界共通分類（全 tenant 参照可能）
- class_id: pii_segregated
  rls_enabled: 'true'
  audit_required: 'true'
  outbox_required: 'true'
  pgaudit_required: 'true'
  tenant_id_required: true
  allowed_purpose:
  - support
  - export
  - emergency
  purpose_check: false
  description: PII を含む user / partner（個人情報保護法・GDPR 対象）
migrations:
- file: 0001_initial_schema.sql
  migration_id: 0001_initial_schema
  description: tier2 の基本スキーマを作成する（domain_event / outbox_message / audit_event の 3 テーブル）
  safety_level: safe
  table_class: tenant_scoped
  applied_at: '2026-05-17T00:00:00Z'
- file: 0002_rls_policies.sql
  migration_id: 0002_rls_policies
  description: テナント RLS ポリシーを全テーブルに適用する（10_テナント分離適合仕様.md RLS FORCE 要件）
  safety_level: requires_lock
  table_class: tenant_scoped
  applied_at: '2026-05-17T00:00:00Z'
- file: 0003_audit_hash_chain.sql
  migration_id: 0003_audit_hash_chain
  description: audit hash chain 用カラムを audit_event テーブルに追加する（業務エラー監査 08 の hash chain 要件）
  safety_level: safe
  table_class: tenant_scoped
  applied_at: '2026-05-17T00:00:00Z'
- file: 0004_create_tenant_master_and_pii_tables.sql
  migration_id: 0004_create_tenant_master_and_pii_tables
  description: tenant_master / pii_data / platform_config テーブルを作成する（table_classes.yaml 4 クラス全物理化）
  safety_level: safe
  table_class: tenant_master
  applied_at: '2026-05-17T00:00:00Z'
- file: 0005_apply_rls_policies_all_tables.sql
  migration_id: 0005_apply_rls_policies_all_tables
  description: 0004 で作成した tenant_master / pii_data テーブルに RLS FORCE を適用する
  safety_level: requires_lock
  table_class: tenant_master
  applied_at: '2026-05-17T00:00:00Z'
- file: 0006_pgaudit_security_label.sql
  migration_id: 0006_pgaudit_security_label
  description: pgaudit 拡張を有効化し、pii_segregated クラスのテーブルに SECURITY LABEL を適用する
  safety_level: requires_lock
  table_class: pii_segregated
  applied_at: '2026-05-17T00:00:00Z'
- file: 0007_audit_local_view_or_table.sql
  migration_id: 0007_audit_local_view_or_table
  description: audit_local view を k1s0.audit_event から導出する（PII 不在保証 view / relay.rs 参照）
  safety_level: safe
  table_class: tenant_scoped
  applied_at: '2026-05-17T00:00:00Z'
