_AUTO_GENERATED: DO NOT EDIT. Generated by tools/lock_yaml_generator/generate_migration.py
total_classes: 4
generated_at: '2026-05-17T15:46:15Z'
classes:
- class_id: tenant_scoped
  rls_enabled: 'true'
  audit_required: 'true'
  outbox_required: 'true'
  pgaudit_required: 'false'
  description: 業務 entity / aggregate / Read Model
- class_id: tenant_master
  rls_enabled: 'true'
  audit_required: 'true'
  outbox_required: 'false'
  pgaudit_required: 'false'
  description: テナント所有マスタ（通貨レート・製品カタログ等）
- class_id: platform_global
  rls_enabled: 'false'
  audit_required: 'true'
  outbox_required: 'true'
  pgaudit_required: 'false'
  description: 通貨 / 国 / 業界共通分類（全 tenant 参照可能）
- class_id: pii_segregated
  rls_enabled: 'true'
  audit_required: 'true'
  outbox_required: 'true'
  pgaudit_required: 'true'
  description: PII を含む user / partner（個人情報保護法・GDPR 対象）
