_AUTO_GENERATED: DO NOT EDIT. Generated by tools/lock_yaml_generator/generate_quota.py
generated_at: '2026-05-22T11:14:20Z'
classes:
- class_id: v1_per_tenant_qps
  display_name: ''
  status: green
- class_id: v1_per_tenant_concurrency
  display_name: ''
  status: green
- class_id: v1_per_tenant_volume
  display_name: ''
  status: green
- class_id: v1_per_tenant_compute
  display_name: ''
  status: green
- class_id: v1_global_fair_queue
  display_name: ''
  status: green
slo_lock_ref:
- quota_class: v1_per_tenant_qps
  triggered_slo_recording_rules:
  - job:slo_burn_rate_5m:v1_request_availability
  - job:slo_burn_rate_5m:v1_request_latency_p99
  alert_linkage: quota_exhaustion_429 → SLO error_budget_burn_fast_2h alert
  spec_ref: docs/04_詳細設計/01_適合仕様/07_SLO適合仕様.md §multi_window_burn_rate
- quota_class: v1_per_tenant_concurrency
  triggered_slo_recording_rules:
  - job:slo_burn_rate_5m:v1_workflow_completion
  - job:slo_burn_rate_5m:v1_request_latency_p99
  alert_linkage: queue_with_timeout → SLO workflow_completion_burn_fast_4h alert
  spec_ref: docs/04_詳細設計/01_適合仕様/07_SLO適合仕様.md §workflow_completion
- quota_class: v1_per_tenant_volume
  triggered_slo_recording_rules:
  - job:slo_burn_rate_5m:v1_data_durability
  - job:slo_burn_rate_5m:v1_event_freshness
  alert_linkage: overflow_to_cold → SLO data_durability + event_freshness burn alert
  spec_ref: docs/04_詳細設計/01_適合仕様/07_SLO適合仕様.md §data_durability
- quota_class: v1_per_tenant_compute
  triggered_slo_recording_rules:
  - job:slo_burn_rate_5m:v1_workflow_completion
  - job:slo_burn_rate_5m:v1_request_latency_p99
  alert_linkage: shed_by_priority → SLO workflow_completion + latency burn alert
  spec_ref: docs/04_詳細設計/01_適合仕様/07_SLO適合仕様.md §workflow_completion
- quota_class: v1_global_fair_queue
  triggered_slo_recording_rules:
  - job:slo_burn_rate_5m:v1_event_freshness
  - job:slo_burn_rate_5m:v1_request_availability
  alert_linkage: partition_rebalance → SLO event_freshness + availability burn alert
  spec_ref: docs/04_詳細設計/01_適合仕様/07_SLO適合仕様.md §event_freshness
