_AUTO_GENERATED: DO NOT EDIT. Generated by tools/lock_yaml_generator/generate_quota.py
generated_at: '2026-05-18T12:01:44Z'
classes:
- class_id: v1_lite
  display_name: Lite
  status: green
- class_id: v1_standard
  display_name: Standard
  status: green
- class_id: v1_professional
  display_name: Professional
  status: green
- class_id: v1_enterprise
  display_name: Enterprise
  status: green
- class_id: v1_dedicated
  display_name: Dedicated
  status: green
